// !$*UTF8*$!
{
	archiveVersion = 1;
	classes = {
	};
	objectVersion = 56;
	objects = {

/* Begin PBXBuildFile section */
		5CC56E452B1F70FA00CA8037 /* Bootcamp_SwiftUIApp.swift in Sources */ = {isa = PBXBuildFile; fileRef = 5CC56E442B1F70FA00CA8037 /* Bootcamp_SwiftUIApp.swift */; };
		5CC56E472B1F70FA00CA8037 /* ContentView.swift in Sources */ = {isa = PBXBuildFile; fileRef = 5CC56E462B1F70FA00CA8037 /* ContentView.swift */; };
		5CC56E492B1F70FC00CA8037 /* Assets.xcassets in Resources */ = {isa = PBXBuildFile; fileRef = 5CC56E482B1F70FC00CA8037 /* Assets.xcassets */; };
		5CC56E4C2B1F70FC00CA8037 /* Preview Assets.xcassets in Resources */ = {isa = PBXBuildFile; fileRef = 5CC56E4B2B1F70FC00CA8037 /* Preview Assets.xcassets */; };
		5CC56E532B1F77F600CA8037 /* TextBootcamp.swift in Sources */ = {isa = PBXBuildFile; fileRef = 5CC56E522B1F77F600CA8037 /* TextBootcamp.swift */; };
		5CC56E552B20C5AA00CA8037 /* ShapeBootcamp.swift in Sources */ = {isa = PBXBuildFile; fileRef = 5CC56E542B20C5AA00CA8037 /* ShapeBootcamp.swift */; };
		5CC56E572B20CE9200CA8037 /* ColorBootcamp.swift in Sources */ = {isa = PBXBuildFile; fileRef = 5CC56E562B20CE9200CA8037 /* ColorBootcamp.swift */; };
		5CC56E592B22159600CA8037 /* GradientsBootcamp.swift in Sources */ = {isa = PBXBuildFile; fileRef = 5CC56E582B22159600CA8037 /* GradientsBootcamp.swift */; };
		5CC56E5B2B2365F800CA8037 /* PaddingBootcamp.swift in Sources */ = {isa = PBXBuildFile; fileRef = 5CC56E5A2B2365F800CA8037 /* PaddingBootcamp.swift */; };
		5CC56E5D2B236BF600CA8037 /* SpacerBootcamp.swift in Sources */ = {isa = PBXBuildFile; fileRef = 5CC56E5C2B236BF600CA8037 /* SpacerBootcamp.swift */; };
		5CC56E5F2B242A3C00CA8037 /* InitializerBootcamp.swift in Sources */ = {isa = PBXBuildFile; fileRef = 5CC56E5E2B242A3C00CA8037 /* InitializerBootcamp.swift */; };
		5CC56E612B2431FE00CA8037 /* ForEachBootcamp.swift in Sources */ = {isa = PBXBuildFile; fileRef = 5CC56E602B2431FE00CA8037 /* ForEachBootcamp.swift */; };
		5CC56E632B24374800CA8037 /* ScrollViewBootcamp.swift in Sources */ = {isa = PBXBuildFile; fileRef = 5CC56E622B24374800CA8037 /* ScrollViewBootcamp.swift */; };
		5CC56E652B24432800CA8037 /* GridBootcamp.swift in Sources */ = {isa = PBXBuildFile; fileRef = 5CC56E642B24432800CA8037 /* GridBootcamp.swift */; };
		5CC56E672B245DBF00CA8037 /* SafeAreaBootcamp.swift in Sources */ = {isa = PBXBuildFile; fileRef = 5CC56E662B245DBF00CA8037 /* SafeAreaBootcamp.swift */; };
		5CC56E692B24700E00CA8037 /* ButtonBootcamp.swift in Sources */ = {isa = PBXBuildFile; fileRef = 5CC56E682B24700E00CA8037 /* ButtonBootcamp.swift */; };
		5CC56E6B2B24ACCA00CA8037 /* StateBootcamp.swift in Sources */ = {isa = PBXBuildFile; fileRef = 5CC56E6A2B24ACCA00CA8037 /* StateBootcamp.swift */; };
		85B16ADD2B22F66C007FE92D /* IconBootcamp.swift in Sources */ = {isa = PBXBuildFile; fileRef = 85B16ADC2B22F66C007FE92D /* IconBootcamp.swift */; };
		85B16ADF2B22FB4F007FE92D /* ImageBootcamp.swift in Sources */ = {isa = PBXBuildFile; fileRef = 85B16ADE2B22FB4F007FE92D /* ImageBootcamp.swift */; };
		85B16AE12B23022D007FE92D /* FrameBootcamp.swift in Sources */ = {isa = PBXBuildFile; fileRef = 85B16AE02B23022D007FE92D /* FrameBootcamp.swift */; };
		85B16AE32B230642007FE92D /* BackgroundAndOverlayBootcamp.swift in Sources */ = {isa = PBXBuildFile; fileRef = 85B16AE22B230642007FE92D /* BackgroundAndOverlayBootcamp.swift */; };
		85B16AE52B2315BB007FE92D /* StackBootcamp.swift in Sources */ = {isa = PBXBuildFile; fileRef = 85B16AE42B2315BB007FE92D /* StackBootcamp.swift */; };
/* End PBXBuildFile section */

/* Begin PBXFileReference section */
		5CC56E412B1F70FA00CA8037 /* Bootcamp-SwiftUI.app */ = {isa = PBXFileReference; explicitFileType = wrapper.application; includeInIndex = 0; path = "Bootcamp-SwiftUI.app"; sourceTree = BUILT_PRODUCTS_DIR; };
		5CC56E442B1F70FA00CA8037 /* Bootcamp_SwiftUIApp.swift */ = {isa = PBXFileReference; lastKnownFileType = sourcecode.swift; path = Bootcamp_SwiftUIApp.swift; sourceTree = "<group>"; };
		5CC56E462B1F70FA00CA8037 /* ContentView.swift */ = {isa = PBXFileReference; lastKnownFileType = sourcecode.swift; path = ContentView.swift; sourceTree = "<group>"; };
		5CC56E482B1F70FC00CA8037 /* Assets.xcassets */ = {isa = PBXFileReference; lastKnownFileType = folder.assetcatalog; path = Assets.xcassets; sourceTree = "<group>"; };
		5CC56E4B2B1F70FC00CA8037 /* Preview Assets.xcassets */ = {isa = PBXFileReference; lastKnownFileType = folder.assetcatalog; path = "Preview Assets.xcassets"; sourceTree = "<group>"; };
		5CC56E522B1F77F600CA8037 /* TextBootcamp.swift */ = {isa = PBXFileReference; lastKnownFileType = sourcecode.swift; path = TextBootcamp.swift; sourceTree = "<group>"; };
		5CC56E542B20C5AA00CA8037 /* ShapeBootcamp.swift */ = {isa = PBXFileReference; lastKnownFileType = sourcecode.swift; path = ShapeBootcamp.swift; sourceTree = "<group>"; };
		5CC56E562B20CE9200CA8037 /* ColorBootcamp.swift */ = {isa = PBXFileReference; lastKnownFileType = sourcecode.swift; path = ColorBootcamp.swift; sourceTree = "<group>"; };
		5CC56E582B22159600CA8037 /* GradientsBootcamp.swift */ = {isa = PBXFileReference; lastKnownFileType = sourcecode.swift; path = GradientsBootcamp.swift; sourceTree = "<group>"; };
		5CC56E5A2B2365F800CA8037 /* PaddingBootcamp.swift */ = {isa = PBXFileReference; lastKnownFileType = sourcecode.swift; path = PaddingBootcamp.swift; sourceTree = "<group>"; };
		5CC56E5C2B236BF600CA8037 /* SpacerBootcamp.swift */ = {isa = PBXFileReference; lastKnownFileType = sourcecode.swift; path = SpacerBootcamp.swift; sourceTree = "<group>"; };
		5CC56E5E2B242A3C00CA8037 /* InitializerBootcamp.swift */ = {isa = PBXFileReference; lastKnownFileType = sourcecode.swift; path = InitializerBootcamp.swift; sourceTree = "<group>"; };
		5CC56E602B2431FE00CA8037 /* ForEachBootcamp.swift */ = {isa = PBXFileReference; lastKnownFileType = sourcecode.swift; path = ForEachBootcamp.swift; sourceTree = "<group>"; };
		5CC56E622B24374800CA8037 /* ScrollViewBootcamp.swift */ = {isa = PBXFileReference; lastKnownFileType = sourcecode.swift; path = ScrollViewBootcamp.swift; sourceTree = "<group>"; };
		5CC56E642B24432800CA8037 /* GridBootcamp.swift */ = {isa = PBXFileReference; lastKnownFileType = sourcecode.swift; path = GridBootcamp.swift; sourceTree = "<group>"; };
		5CC56E662B245DBF00CA8037 /* SafeAreaBootcamp.swift */ = {isa = PBXFileReference; lastKnownFileType = sourcecode.swift; path = SafeAreaBootcamp.swift; sourceTree = "<group>"; };
		5CC56E682B24700E00CA8037 /* ButtonBootcamp.swift */ = {isa = PBXFileReference; lastKnownFileType = sourcecode.swift; path = ButtonBootcamp.swift; sourceTree = "<group>"; };
		5CC56E6A2B24ACCA00CA8037 /* StateBootcamp.swift */ = {isa = PBXFileReference; lastKnownFileType = sourcecode.swift; path = StateBootcamp.swift; sourceTree = "<group>"; };
		85B16ADC2B22F66C007FE92D /* IconBootcamp.swift */ = {isa = PBXFileReference; lastKnownFileType = sourcecode.swift; path = IconBootcamp.swift; sourceTree = "<group>"; };
		85B16ADE2B22FB4F007FE92D /* ImageBootcamp.swift */ = {isa = PBXFileReference; lastKnownFileType = sourcecode.swift; path = ImageBootcamp.swift; sourceTree = "<group>"; };
		85B16AE02B23022D007FE92D /* FrameBootcamp.swift */ = {isa = PBXFileReference; lastKnownFileType = sourcecode.swift; path = FrameBootcamp.swift; sourceTree = "<group>"; };
		85B16AE22B230642007FE92D /* BackgroundAndOverlayBootcamp.swift */ = {isa = PBXFileReference; lastKnownFileType = sourcecode.swift; path = BackgroundAndOverlayBootcamp.swift; sourceTree = "<group>"; };
		85B16AE42B2315BB007FE92D /* StackBootcamp.swift */ = {isa = PBXFileReference; lastKnownFileType = sourcecode.swift; path = StackBootcamp.swift; sourceTree = "<group>"; };
/* End PBXFileReference section */

/* Begin PBXFrameworksBuildPhase section */
		5CC56E3E2B1F70FA00CA8037 /* Frameworks */ = {
			isa = PBXFrameworksBuildPhase;
			buildActionMask = 2147483647;
			files = (
			);
			runOnlyForDeploymentPostprocessing = 0;
		};
/* End PBXFrameworksBuildPhase section */

/* Begin PBXGroup section */
		5CC56E382B1F70FA00CA8037 = {
			isa = PBXGroup;
			children = (
				5CC56E432B1F70FA00CA8037 /* Bootcamp-SwiftUI */,
				5CC56E422B1F70FA00CA8037 /* Products */,
			);
			sourceTree = "<group>";
		};
		5CC56E422B1F70FA00CA8037 /* Products */ = {
			isa = PBXGroup;
			children = (
				5CC56E412B1F70FA00CA8037 /* Bootcamp-SwiftUI.app */,
			);
			name = Products;
			sourceTree = "<group>";
		};
		5CC56E432B1F70FA00CA8037 /* Bootcamp-SwiftUI */ = {
			isa = PBXGroup;
			children = (
				5CC56E442B1F70FA00CA8037 /* Bootcamp_SwiftUIApp.swift */,
				5CC56E462B1F70FA00CA8037 /* ContentView.swift */,
				5CC56E522B1F77F600CA8037 /* TextBootcamp.swift */,
				5CC56E542B20C5AA00CA8037 /* ShapeBootcamp.swift */,
				5CC56E562B20CE9200CA8037 /* ColorBootcamp.swift */,
				5CC56E582B22159600CA8037 /* GradientsBootcamp.swift */,
				85B16ADC2B22F66C007FE92D /* IconBootcamp.swift */,
				85B16ADE2B22FB4F007FE92D /* ImageBootcamp.swift */,
				85B16AE02B23022D007FE92D /* FrameBootcamp.swift */,
				85B16AE22B230642007FE92D /* BackgroundAndOverlayBootcamp.swift */,
				85B16AE42B2315BB007FE92D /* StackBootcamp.swift */,
				5CC56E5A2B2365F800CA8037 /* PaddingBootcamp.swift */,
				5CC56E5C2B236BF600CA8037 /* SpacerBootcamp.swift */,
				5CC56E5E2B242A3C00CA8037 /* InitializerBootcamp.swift */,
				5CC56E602B2431FE00CA8037 /* ForEachBootcamp.swift */,
				5CC56E622B24374800CA8037 /* ScrollViewBootcamp.swift */,
				5CC56E642B24432800CA8037 /* GridBootcamp.swift */,
				5CC56E662B245DBF00CA8037 /* SafeAreaBootcamp.swift */,
				5CC56E682B24700E00CA8037 /* ButtonBootcamp.swift */,
				5CC56E6A2B24ACCA00CA8037 /* StateBootcamp.swift */,
				5CC56E482B1F70FC00CA8037 /* Assets.xcassets */,
				5CC56E4A2B1F70FC00CA8037 /* Preview Content */,
			);
			path = "Bootcamp-SwiftUI";
			sourceTree = "<group>";
		};
		5CC56E4A2B1F70FC00CA8037 /* Preview Content */ = {
			isa = PBXGroup;
			children = (
				5CC56E4B2B1F70FC00CA8037 /* Preview Assets.xcassets */,
			);
			path = "Preview Content";
			sourceTree = "<group>";
		};
/* End PBXGroup section */

/* Begin PBXNativeTarget section */
		5CC56E402B1F70FA00CA8037 /* Bootcamp-SwiftUI */ = {
			isa = PBXNativeTarget;
			buildConfigurationList = 5CC56E4F2B1F70FC00CA8037 /* Build configuration list for PBXNativeTarget "Bootcamp-SwiftUI" */;
			buildPhases = (
				5CC56E3D2B1F70FA00CA8037 /* Sources */,
				5CC56E3E2B1F70FA00CA8037 /* Frameworks */,
				5CC56E3F2B1F70FA00CA8037 /* Resources */,
			);
			buildRules = (
			);
			dependencies = (
			);
			name = "Bootcamp-SwiftUI";
			productName = "Bootcamp-SwiftUI";
			productReference = 5CC56E412B1F70FA00CA8037 /* Bootcamp-SwiftUI.app */;
			productType = "com.apple.product-type.application";
		};
/* End PBXNativeTarget section */

/* Begin PBXProject section */
		5CC56E392B1F70FA00CA8037 /* Project object */ = {
			isa = PBXProject;
			attributes = {
				BuildIndependentTargetsInParallel = 1;
				LastSwiftUpdateCheck = 1500;
				LastUpgradeCheck = 1500;
				TargetAttributes = {
					5CC56E402B1F70FA00CA8037 = {
						CreatedOnToolsVersion = 15.0.1;
					};
				};
			};
			buildConfigurationList = 5CC56E3C2B1F70FA00CA8037 /* Build configuration list for PBXProject "Bootcamp-SwiftUI" */;
			compatibilityVersion = "Xcode 14.0";
			developmentRegion = en;
			hasScannedForEncodings = 0;
			knownRegions = (
				en,
				Base,
			);
			mainGroup = 5CC56E382B1F70FA00CA8037;
			productRefGroup = 5CC56E422B1F70FA00CA8037 /* Products */;
			projectDirPath = "";
			projectRoot = "";
			targets = (
				5CC56E402B1F70FA00CA8037 /* Bootcamp-SwiftUI */,
			);
		};
/* End PBXProject section */

/* Begin PBXResourcesBuildPhase section */
		5CC56E3F2B1F70FA00CA8037 /* Resources */ = {
			isa = PBXResourcesBuildPhase;
			buildActionMask = 2147483647;
			files = (
				5CC56E4C2B1F70FC00CA8037 /* Preview Assets.xcassets in Resources */,
				5CC56E492B1F70FC00CA8037 /* Assets.xcassets in Resources */,
			);
			runOnlyForDeploymentPostprocessing = 0;
		};
/* End PBXResourcesBuildPhase section */

/* Begin PBXSourcesBuildPhase section */
		5CC56E3D2B1F70FA00CA8037 /* Sources */ = {
			isa = PBXSourcesBuildPhase;
			buildActionMask = 2147483647;
			files = (
				5CC56E6B2B24ACCA00CA8037 /* StateBootcamp.swift in Sources */,
				5CC56E592B22159600CA8037 /* GradientsBootcamp.swift in Sources */,
				85B16AE32B230642007FE92D /* BackgroundAndOverlayBootcamp.swift in Sources */,
				5CC56E632B24374800CA8037 /* ScrollViewBootcamp.swift in Sources */,
				5CC56E5B2B2365F800CA8037 /* PaddingBootcamp.swift in Sources */,
				5CC56E572B20CE9200CA8037 /* ColorBootcamp.swift in Sources */,
				85B16AE12B23022D007FE92D /* FrameBootcamp.swift in Sources */,
				5CC56E5F2B242A3C00CA8037 /* InitializerBootcamp.swift in Sources */,
				85B16ADD2B22F66C007FE92D /* IconBootcamp.swift in Sources */,
				5CC56E672B245DBF00CA8037 /* SafeAreaBootcamp.swift in Sources */,
				5CC56E552B20C5AA00CA8037 /* ShapeBootcamp.swift in Sources */,
				5CC56E612B2431FE00CA8037 /* ForEachBootcamp.swift in Sources */,
				5CC56E692B24700E00CA8037 /* ButtonBootcamp.swift in Sources */,
				5CC56E472B1F70FA00CA8037 /* ContentView.swift in Sources */,
				85B16AE52B2315BB007FE92D /* StackBootcamp.swift in Sources */,
				85B16ADF2B22FB4F007FE92D /* ImageBootcamp.swift in Sources */,
				5CC56E5D2B236BF600CA8037 /* SpacerBootcamp.swift in Sources */,
				5CC56E652B24432800CA8037 /* GridBootcamp.swift in Sources */,
				5CC56E532B1F77F600CA8037 /* TextBootcamp.swift in Sources */,
				5CC56E452B1F70FA00CA8037 /* Bootcamp_SwiftUIApp.swift in Sources */,
			);
			runOnlyForDeploymentPostprocessing = 0;
		};
/* End PBXSourcesBuildPhase section */

/* Begin XCBuildConfiguration section */
		5CC56E4D2B1F70FC00CA8037 /* Debug */ = {
			isa = XCBuildConfiguration;
			buildSettings = {
				ALWAYS_SEARCH_USER_PATHS = NO;
				ASSETCATALOG_COMPILER_GENERATE_SWIFT_ASSET_SYMBOL_EXTENSIONS = YES;
				CLANG_ANALYZER_NONNULL = YES;
				CLANG_ANALYZER_NUMBER_OBJECT_CONVERSION = YES_AGGRESSIVE;
				CLANG_CXX_LANGUAGE_STANDARD = "gnu++20";
				CLANG_ENABLE_MODULES = YES;
				CLANG_ENABLE_OBJC_ARC = YES;
				CLANG_ENABLE_OBJC_WEAK = YES;
				CLANG_WARN_BLOCK_CAPTURE_AUTORELEASING = YES;
				CLANG_WARN_BOOL_CONVERSION = YES;
				CLANG_WARN_COMMA = YES;
				CLANG_WARN_CONSTANT_CONVERSION = YES;
				CLANG_WARN_DEPRECATED_OBJC_IMPLEMENTATIONS = YES;
				CLANG_WARN_DIRECT_OBJC_ISA_USAGE = YES_ERROR;
				CLANG_WARN_DOCUMENTATION_COMMENTS = YES;
				CLANG_WARN_EMPTY_BODY = YES;
				CLANG_WARN_ENUM_CONVERSION = YES;
				CLANG_WARN_INFINITE_RECURSION = YES;
				CLANG_WARN_INT_CONVERSION = YES;
				CLANG_WARN_NON_LITERAL_NULL_CONVERSION = YES;
				CLANG_WARN_OBJC_IMPLICIT_RETAIN_SELF = YES;
				CLANG_WARN_OBJC_LITERAL_CONVERSION = YES;
				CLANG_WARN_OBJC_ROOT_CLASS = YES_ERROR;
				CLANG_WARN_QUOTED_INCLUDE_IN_FRAMEWORK_HEADER = YES;
				CLANG_WARN_RANGE_LOOP_ANALYSIS = YES;
				CLANG_WARN_STRICT_PROTOTYPES = YES;
				CLANG_WARN_SUSPICIOUS_MOVE = YES;
				CLANG_WARN_UNGUARDED_AVAILABILITY = YES_AGGRESSIVE;
				CLANG_WARN_UNREACHABLE_CODE = YES;
				CLANG_WARN__DUPLICATE_METHOD_MATCH = YES;
				COPY_PHASE_STRIP = NO;
				DEBUG_INFORMATION_FORMAT = dwarf;
				ENABLE_STRICT_OBJC_MSGSEND = YES;
				ENABLE_TESTABILITY = YES;
				ENABLE_USER_SCRIPT_SANDBOXING = YES;
				GCC_C_LANGUAGE_STANDARD = gnu17;
				GCC_DYNAMIC_NO_PIC = NO;
				GCC_NO_COMMON_BLOCKS = YES;
				GCC_OPTIMIZATION_LEVEL = 0;
				GCC_PREPROCESSOR_DEFINITIONS = (
					"DEBUG=1",
					"$(inherited)",
				);
				GCC_WARN_64_TO_32_BIT_CONVERSION = YES;
				GCC_WARN_ABOUT_RETURN_TYPE = YES_ERROR;
				GCC_WARN_UNDECLARED_SELECTOR = YES;
				GCC_WARN_UNINITIALIZED_AUTOS = YES_AGGRESSIVE;
				GCC_WARN_UNUSED_FUNCTION = YES;
				GCC_WARN_UNUSED_VARIABLE = YES;
				IPHONEOS_DEPLOYMENT_TARGET = 17.0;
				LOCALIZATION_PREFERS_STRING_CATALOGS = YES;
				MTL_ENABLE_DEBUG_INFO = INCLUDE_SOURCE;
				MTL_FAST_MATH = YES;
				ONLY_ACTIVE_ARCH = YES;
				SDKROOT = iphoneos;
				SWIFT_ACTIVE_COMPILATION_CONDITIONS = "DEBUG $(inherited)";
				SWIFT_OPTIMIZATION_LEVEL = "-Onone";
			};
			name = Debug;
		};
		5CC56E4E2B1F70FC00CA8037 /* Release */ = {
			isa = XCBuildConfiguration;
			buildSettings = {
				ALWAYS_SEARCH_USER_PATHS = NO;
				ASSETCATALOG_COMPILER_GENERATE_SWIFT_ASSET_SYMBOL_EXTENSIONS = YES;
				CLANG_ANALYZER_NONNULL = YES;
				CLANG_ANALYZER_NUMBER_OBJECT_CONVERSION = YES_AGGRESSIVE;
				CLANG_CXX_LANGUAGE_STANDARD = "gnu++20";
				CLANG_ENABLE_MODULES = YES;
				CLANG_ENABLE_OBJC_ARC = YES;
				CLANG_ENABLE_OBJC_WEAK = YES;
				CLANG_WARN_BLOCK_CAPTURE_AUTORELEASING = YES;
				CLANG_WARN_BOOL_CONVERSION = YES;
				CLANG_WARN_COMMA = YES;
				CLANG_WARN_CONSTANT_CONVERSION = YES;
				CLANG_WARN_DEPRECATED_OBJC_IMPLEMENTATIONS = YES;
				CLANG_WARN_DIRECT_OBJC_ISA_USAGE = YES_ERROR;
				CLANG_WARN_DOCUMENTATION_COMMENTS = YES;
				CLANG_WARN_EMPTY_BODY = YES;
				CLANG_WARN_ENUM_CONVERSION = YES;
				CLANG_WARN_INFINITE_RECURSION = YES;
				CLANG_WARN_INT_CONVERSION = YES;
				CLANG_WARN_NON_LITERAL_NULL_CONVERSION = YES;
				CLANG_WARN_OBJC_IMPLICIT_RETAIN_SELF = YES;
				CLANG_WARN_OBJC_LITERAL_CONVERSION = YES;
				CLANG_WARN_OBJC_ROOT_CLASS = YES_ERROR;
				CLANG_WARN_QUOTED_INCLUDE_IN_FRAMEWORK_HEADER = YES;
				CLANG_WARN_RANGE_LOOP_ANALYSIS = YES;
				CLANG_WARN_STRICT_PROTOTYPES = YES;
				CLANG_WARN_SUSPICIOUS_MOVE = YES;
				CLANG_WARN_UNGUARDED_AVAILABILITY = YES_AGGRESSIVE;
				CLANG_WARN_UNREACHABLE_CODE = YES;
				CLANG_WARN__DUPLICATE_METHOD_MATCH = YES;
				COPY_PHASE_STRIP = NO;
				DEBUG_INFORMATION_FORMAT = "dwarf-with-dsym";
				ENABLE_NS_ASSERTIONS = NO;
				ENABLE_STRICT_OBJC_MSGSEND = YES;
				ENABLE_USER_SCRIPT_SANDBOXING = YES;
				GCC_C_LANGUAGE_STANDARD = gnu17;
				GCC_NO_COMMON_BLOCKS = YES;
				GCC_WARN_64_TO_32_BIT_CONVERSION = YES;
				GCC_WARN_ABOUT_RETURN_TYPE = YES_ERROR;
				GCC_WARN_UNDECLARED_SELECTOR = YES;
				GCC_WARN_UNINITIALIZED_AUTOS = YES_AGGRESSIVE;
				GCC_WARN_UNUSED_FUNCTION = YES;
				GCC_WARN_UNUSED_VARIABLE = YES;
				IPHONEOS_DEPLOYMENT_TARGET = 17.0;
				LOCALIZATION_PREFERS_STRING_CATALOGS = YES;
				MTL_ENABLE_DEBUG_INFO = NO;
				MTL_FAST_MATH = YES;
				SDKROOT = iphoneos;
				SWIFT_COMPILATION_MODE = wholemodule;
				VALIDATE_PRODUCT = YES;
			};
			name = Release;
		};
		5CC56E502B1F70FC00CA8037 /* Debug */ = {
			isa = XCBuildConfiguration;
			buildSettings = {
				ASSETCATALOG_COMPILER_APPICON_NAME = AppIcon;
				ASSETCATALOG_COMPILER_GLOBAL_ACCENT_COLOR_NAME = AccentColor;
				CODE_SIGN_STYLE = Automatic;
				CURRENT_PROJECT_VERSION = 1;
				DEVELOPMENT_ASSET_PATHS = "\"Bootcamp-SwiftUI/Preview Content\"";
				DEVELOPMENT_TEAM = 66AJVP7K6A;
				ENABLE_PREVIEWS = YES;
				GENERATE_INFOPLIST_FILE = YES;
				INFOPLIST_KEY_CFBundleDisplayName = Bootcamp;
				INFOPLIST_KEY_UIApplicationSceneManifest_Generation = YES;
				INFOPLIST_KEY_UIApplicationSupportsIndirectInputEvents = YES;
				INFOPLIST_KEY_UILaunchScreen_Generation = YES;
				INFOPLIST_KEY_UISupportedInterfaceOrientations_iPad = "UIInterfaceOrientationPortrait UIInterfaceOrientationPortraitUpsideDown UIInterfaceOrientationLandscapeLeft UIInterfaceOrientationLandscapeRight";
				INFOPLIST_KEY_UISupportedInterfaceOrientations_iPhone = "UIInterfaceOrientationPortrait UIInterfaceOrientationLandscapeLeft UIInterfaceOrientationLandscapeRight";
				IPHONEOS_DEPLOYMENT_TARGET = 16.0;
				LD_RUNPATH_SEARCH_PATHS = (
					"$(inherited)",
					"@executable_path/Frameworks",
				);
				MARKETING_VERSION = 1.0;
				PRODUCT_BUNDLE_IDENTIFIER = "com.lorenliang.Bootcamp-SwiftUI";
				PRODUCT_NAME = "$(TARGET_NAME)";
				SWIFT_EMIT_LOC_STRINGS = YES;
				SWIFT_VERSION = 5.0;
				TARGETED_DEVICE_FAMILY = "1,2";
			};
			name = Debug;
		};
		5CC56E512B1F70FC00CA8037 /* Release */ = {
			isa = XCBuildConfiguration;
			buildSettings = {
				ASSETCATALOG_COMPILER_APPICON_NAME = AppIcon;
				ASSETCATALOG_COMPILER_GLOBAL_ACCENT_COLOR_NAME = AccentColor;
				CODE_SIGN_STYLE = Automatic;
				CURRENT_PROJECT_VERSION = 1;
				DEVELOPMENT_ASSET_PATHS = "\"Bootcamp-SwiftUI/Preview Content\"";
				DEVELOPMENT_TEAM = 66AJVP7K6A;
				ENABLE_PREVIEWS = YES;
				GENERATE_INFOPLIST_FILE = YES;
				INFOPLIST_KEY_CFBundleDisplayName = Bootcamp;
				INFOPLIST_KEY_UIApplicationSceneManifest_Generation = YES;
				INFOPLIST_KEY_UIApplicationSupportsIndirectInputEvents = YES;
				INFOPLIST_KEY_UILaunchScreen_Generation = YES;
				INFOPLIST_KEY_UISupportedInterfaceOrientations_iPad = "UIInterfaceOrientationPortrait UIInterfaceOrientationPortraitUpsideDown UIInterfaceOrientationLandscapeLeft UIInterfaceOrientationLandscapeRight";
				INFOPLIST_KEY_UISupportedInterfaceOrientations_iPhone = "UIInterfaceOrientationPortrait UIInterfaceOrientationLandscapeLeft UIInterfaceOrientationLandscapeRight";
				IPHONEOS_DEPLOYMENT_TARGET = 16.0;
				LD_RUNPATH_SEARCH_PATHS = (
					"$(inherited)",
					"@executable_path/Frameworks",
				);
				MARKETING_VERSION = 1.0;
				PRODUCT_BUNDLE_IDENTIFIER = "com.lorenliang.Bootcamp-SwiftUI";
				PRODUCT_NAME = "$(TARGET_NAME)";
				SWIFT_EMIT_LOC_STRINGS = YES;
				SWIFT_VERSION = 5.0;
				TARGETED_DEVICE_FAMILY = "1,2";
			};
			name = Release;
		};
/* End XCBuildConfiguration section */

/* Begin XCConfigurationList section */
		5CC56E3C2B1F70FA00CA8037 /* Build configuration list for PBXProject "Bootcamp-SwiftUI" */ = {
			isa = XCConfigurationList;
			buildConfigurations = (
				5CC56E4D2B1F70FC00CA8037 /* Debug */,
				5CC56E4E2B1F70FC00CA8037 /* Release */,
			);
			defaultConfigurationIsVisible = 0;
			defaultConfigurationName = Release;
		};
		5CC56E4F2B1F70FC00CA8037 /* Build configuration list for PBXNativeTarget "Bootcamp-SwiftUI" */ = {
			isa = XCConfigurationList;
			buildConfigurations = (
				5CC56E502B1F70FC00CA8037 /* Debug */,
				5CC56E512B1F70FC00CA8037 /* Release */,
			);
			defaultConfigurationIsVisible = 0;
			defaultConfigurationName = Release;
		};
/* End XCConfigurationList section */
	};
	rootObject = 5CC56E392B1F70FA00CA8037 /* Project object */;
}
