// !$*UTF8*$!
{
	archiveVersion = 1;
	classes = {
	};
	objectVersion = 56;
	objects = {

/* Begin PBXBuildFile section */
		5C3BD5F82B2A04AF0090B1C3 /* UserProfileView.swift in Sources */ = {isa = PBXBuildFile; fileRef = 5C3BD5F72B2A04AE0090B1C3 /* UserProfileView.swift */; };
		5C90A07F2B30916D00357882 /* LongPressGestureBootcamp.swift in Sources */ = {isa = PBXBuildFile; fileRef = 5C90A07E2B30916D00357882 /* LongPressGestureBootcamp.swift */; };
		5CBF2E222B2A0D5D00CC1AC3 /* AsyncImageBootcamp.swift in Sources */ = {isa = PBXBuildFile; fileRef = 5CBF2E212B2A0D5D00CC1AC3 /* AsyncImageBootcamp.swift */; };
		5CBF2E242B2A14C000CC1AC3 /* BackgroundMaterialBootcamp.swift in Sources */ = {isa = PBXBuildFile; fileRef = 5CBF2E232B2A14C000CC1AC3 /* BackgroundMaterialBootcamp.swift */; };
		5CBF2E262B2A17AD00CC1AC3 /* TextSelectionBootcamp.swift in Sources */ = {isa = PBXBuildFile; fileRef = 5CBF2E252B2A17AD00CC1AC3 /* TextSelectionBootcamp.swift */; };
		5CBF2E282B2B279900CC1AC3 /* SafeAreaInsetBootcamp.swift in Sources */ = {isa = PBXBuildFile; fileRef = 5CBF2E272B2B279900CC1AC3 /* SafeAreaInsetBootcamp.swift */; };
		5CBF2E2A2B2B42AA00CC1AC3 /* GroupBootcamp.swift in Sources */ = {isa = PBXBuildFile; fileRef = 5CBF2E292B2B42AA00CC1AC3 /* GroupBootcamp.swift */; };
		5CBF2E2C2B2B43C500CC1AC3 /* AnimationUpdatedBootcamp.swift in Sources */ = {isa = PBXBuildFile; fileRef = 5CBF2E2B2B2B43C500CC1AC3 /* AnimationUpdatedBootcamp.swift */; };
		5CBF2E2E2B2B494200CC1AC3 /* MenuBootcamp.swift in Sources */ = {isa = PBXBuildFile; fileRef = 5CBF2E2D2B2B494200CC1AC3 /* MenuBootcamp.swift */; };
		5CBF2E302B2B4BEF00CC1AC3 /* NativePopoverBootcamp.swift in Sources */ = {isa = PBXBuildFile; fileRef = 5CBF2E2F2B2B4BEF00CC1AC3 /* NativePopoverBootcamp.swift */; };
		5CBF2E322B2B544500CC1AC3 /* AnyLayoutBootcamp.swift in Sources */ = {isa = PBXBuildFile; fileRef = 5CBF2E312B2B544500CC1AC3 /* AnyLayoutBootcamp.swift */; };
		5CBF2E342B2B5B1800CC1AC3 /* ViewThatFitBootcamp.swift in Sources */ = {isa = PBXBuildFile; fileRef = 5CBF2E332B2B5B1800CC1AC3 /* ViewThatFitBootcamp.swift */; };
		5CC56E452B1F70FA00CA8037 /* Bootcamp_SwiftUIApp.swift in Sources */ = {isa = PBXBuildFile; fileRef = 5CC56E442B1F70FA00CA8037 /* Bootcamp_SwiftUIApp.swift */; };
		5CC56E472B1F70FA00CA8037 /* ContentView.swift in Sources */ = {isa = PBXBuildFile; fileRef = 5CC56E462B1F70FA00CA8037 /* ContentView.swift */; };
		5CC56E492B1F70FC00CA8037 /* Assets.xcassets in Resources */ = {isa = PBXBuildFile; fileRef = 5CC56E482B1F70FC00CA8037 /* Assets.xcassets */; };
		5CC56E4C2B1F70FC00CA8037 /* Preview Assets.xcassets in Resources */ = {isa = PBXBuildFile; fileRef = 5CC56E4B2B1F70FC00CA8037 /* Preview Assets.xcassets */; };
		5CC56E532B1F77F600CA8037 /* TextBootcamp.swift in Sources */ = {isa = PBXBuildFile; fileRef = 5CC56E522B1F77F600CA8037 /* TextBootcamp.swift */; };
		5CC56E552B20C5AA00CA8037 /* ShapeBootcamp.swift in Sources */ = {isa = PBXBuildFile; fileRef = 5CC56E542B20C5AA00CA8037 /* ShapeBootcamp.swift */; };
		5CC56E572B20CE9200CA8037 /* ColorBootcamp.swift in Sources */ = {isa = PBXBuildFile; fileRef = 5CC56E562B20CE9200CA8037 /* ColorBootcamp.swift */; };
		5CC56E592B22159600CA8037 /* GradientsBootcamp.swift in Sources */ = {isa = PBXBuildFile; fileRef = 5CC56E582B22159600CA8037 /* GradientsBootcamp.swift */; };
		5CC56E5B2B2365F800CA8037 /* PaddingBootcamp.swift in Sources */ = {isa = PBXBuildFile; fileRef = 5CC56E5A2B2365F800CA8037 /* PaddingBootcamp.swift */; };
		5CC56E5D2B236BF600CA8037 /* SpacerBootcamp.swift in Sources */ = {isa = PBXBuildFile; fileRef = 5CC56E5C2B236BF600CA8037 /* SpacerBootcamp.swift */; };
		5CC56E5F2B242A3C00CA8037 /* InitializerBootcamp.swift in Sources */ = {isa = PBXBuildFile; fileRef = 5CC56E5E2B242A3C00CA8037 /* InitializerBootcamp.swift */; };
		5CC56E612B2431FE00CA8037 /* ForEachBootcamp.swift in Sources */ = {isa = PBXBuildFile; fileRef = 5CC56E602B2431FE00CA8037 /* ForEachBootcamp.swift */; };
		5CC56E632B24374800CA8037 /* ScrollViewBootcamp.swift in Sources */ = {isa = PBXBuildFile; fileRef = 5CC56E622B24374800CA8037 /* ScrollViewBootcamp.swift */; };
		5CC56E652B24432800CA8037 /* GridBootcamp.swift in Sources */ = {isa = PBXBuildFile; fileRef = 5CC56E642B24432800CA8037 /* GridBootcamp.swift */; };
		5CC56E672B245DBF00CA8037 /* SafeAreaBootcamp.swift in Sources */ = {isa = PBXBuildFile; fileRef = 5CC56E662B245DBF00CA8037 /* SafeAreaBootcamp.swift */; };
		5CC56E692B24700E00CA8037 /* ButtonBootcamp.swift in Sources */ = {isa = PBXBuildFile; fileRef = 5CC56E682B24700E00CA8037 /* ButtonBootcamp.swift */; };
		5CC56E6B2B24ACCA00CA8037 /* StateBootcamp.swift in Sources */ = {isa = PBXBuildFile; fileRef = 5CC56E6A2B24ACCA00CA8037 /* StateBootcamp.swift */; };
		5CC56E6D2B24B1A200CA8037 /* ExtractFuncAndViewBootcamp.swift in Sources */ = {isa = PBXBuildFile; fileRef = 5CC56E6C2B24B1A200CA8037 /* ExtractFuncAndViewBootcamp.swift */; };
		5CC56E6F2B24B6F900CA8037 /* ExtractSubviewBootcamp.swift in Sources */ = {isa = PBXBuildFile; fileRef = 5CC56E6E2B24B6F900CA8037 /* ExtractSubviewBootcamp.swift */; };
		5CC56E712B24BF4300CA8037 /* BindingBootcamp.swift in Sources */ = {isa = PBXBuildFile; fileRef = 5CC56E702B24BF4300CA8037 /* BindingBootcamp.swift */; };
		5CC56E732B24C65600CA8037 /* ConditionalBootcamp.swift in Sources */ = {isa = PBXBuildFile; fileRef = 5CC56E722B24C65600CA8037 /* ConditionalBootcamp.swift */; };
		5CC56E752B24CEEC00CA8037 /* TernaryBootcamp.swift in Sources */ = {isa = PBXBuildFile; fileRef = 5CC56E742B24CEEC00CA8037 /* TernaryBootcamp.swift */; };
		5CC56E772B2598FD00CA8037 /* AnimationBootcamp.swift in Sources */ = {isa = PBXBuildFile; fileRef = 5CC56E762B2598FD00CA8037 /* AnimationBootcamp.swift */; };
		5CC56E792B25A06A00CA8037 /* AnimationTimingBootcamp.swift in Sources */ = {isa = PBXBuildFile; fileRef = 5CC56E782B25A06A00CA8037 /* AnimationTimingBootcamp.swift */; };
		5CC56E7B2B25A65C00CA8037 /* Transition.swift in Sources */ = {isa = PBXBuildFile; fileRef = 5CC56E7A2B25A65C00CA8037 /* Transition.swift */; };
		5CC56E7D2B25AB7500CA8037 /* SheetBootcamp.swift in Sources */ = {isa = PBXBuildFile; fileRef = 5CC56E7C2B25AB7500CA8037 /* SheetBootcamp.swift */; };
		5CC56E7F2B25DD8800CA8037 /* PopoverBootcamp.swift in Sources */ = {isa = PBXBuildFile; fileRef = 5CC56E7E2B25DD8800CA8037 /* PopoverBootcamp.swift */; };
		5CC56E812B274D0000CA8037 /* TextEditorBootcamp.swift in Sources */ = {isa = PBXBuildFile; fileRef = 5CC56E802B274D0000CA8037 /* TextEditorBootcamp.swift */; };
		5CC56E832B275DA300CA8037 /* ToggleBootcamp.swift in Sources */ = {isa = PBXBuildFile; fileRef = 5CC56E822B275DA300CA8037 /* ToggleBootcamp.swift */; };
		5CC56E852B27606300CA8037 /* PickerBootcamp.swift in Sources */ = {isa = PBXBuildFile; fileRef = 5CC56E842B27606300CA8037 /* PickerBootcamp.swift */; };
		5CC56E872B28A0B900CA8037 /* OnAppearBootcamp.swift in Sources */ = {isa = PBXBuildFile; fileRef = 5CC56E862B28A0B900CA8037 /* OnAppearBootcamp.swift */; };
		5CC56E892B28A29900CA8037 /* IfLetGuardBootcamp.swift in Sources */ = {isa = PBXBuildFile; fileRef = 5CC56E882B28A29900CA8037 /* IfLetGuardBootcamp.swift */; };
		5CC56E8B2B28B09F00CA8037 /* TapGestureBootcamp.swift in Sources */ = {isa = PBXBuildFile; fileRef = 5CC56E8A2B28B09F00CA8037 /* TapGestureBootcamp.swift */; };
		5CC56E8D2B28B38D00CA8037 /* ModelBootcamp.swift in Sources */ = {isa = PBXBuildFile; fileRef = 5CC56E8C2B28B38D00CA8037 /* ModelBootcamp.swift */; };
		8591DB052B31746A003684E4 /* MagnificationGestureBootcamp.swift in Sources */ = {isa = PBXBuildFile; fileRef = 8591DB042B31746A003684E4 /* MagnificationGestureBootcamp.swift */; };
		8591DB072B317C47003684E4 /* RotationGestureBootcamp.swift in Sources */ = {isa = PBXBuildFile; fileRef = 8591DB062B317C47003684E4 /* RotationGestureBootcamp.swift */; };
		8591DB092B31819A003684E4 /* DragGestureBootcamp.swift in Sources */ = {isa = PBXBuildFile; fileRef = 8591DB082B31819A003684E4 /* DragGestureBootcamp.swift */; };
		8591DB0B2B3188F8003684E4 /* DragGestureBootcamp2.swift in Sources */ = {isa = PBXBuildFile; fileRef = 8591DB0A2B3188F8003684E4 /* DragGestureBootcamp2.swift */; };
		8591DB0D2B3195C8003684E4 /* ScrollViewReaderBootcamp.swift in Sources */ = {isa = PBXBuildFile; fileRef = 8591DB0C2B3195C8003684E4 /* ScrollViewReaderBootcamp.swift */; };
		8591DB0F2B319DE4003684E4 /* GeometryReaderBootcamp.swift in Sources */ = {isa = PBXBuildFile; fileRef = 8591DB0E2B319DE4003684E4 /* GeometryReaderBootcamp.swift */; };
		85B16ADD2B22F66C007FE92D /* IconBootcamp.swift in Sources */ = {isa = PBXBuildFile; fileRef = 85B16ADC2B22F66C007FE92D /* IconBootcamp.swift */; };
		85B16ADF2B22FB4F007FE92D /* ImageBootcamp.swift in Sources */ = {isa = PBXBuildFile; fileRef = 85B16ADE2B22FB4F007FE92D /* ImageBootcamp.swift */; };
		85B16AE12B23022D007FE92D /* FrameBootcamp.swift in Sources */ = {isa = PBXBuildFile; fileRef = 85B16AE02B23022D007FE92D /* FrameBootcamp.swift */; };
		85B16AE32B230642007FE92D /* BackgroundAndOverlayBootcamp.swift in Sources */ = {isa = PBXBuildFile; fileRef = 85B16AE22B230642007FE92D /* BackgroundAndOverlayBootcamp.swift */; };
		85B16AE52B2315BB007FE92D /* StackBootcamp.swift in Sources */ = {isa = PBXBuildFile; fileRef = 85B16AE42B2315BB007FE92D /* StackBootcamp.swift */; };
		85B16AE72B26E4B2007FE92D /* NavigationViewBootcamp.swift in Sources */ = {isa = PBXBuildFile; fileRef = 85B16AE62B26E4B2007FE92D /* NavigationViewBootcamp.swift */; };
		85B16AE92B26ECD8007FE92D /* ListBootcamp.swift in Sources */ = {isa = PBXBuildFile; fileRef = 85B16AE82B26ECD8007FE92D /* ListBootcamp.swift */; };
		85B16AEB2B270342007FE92D /* AlertBootcamp.swift in Sources */ = {isa = PBXBuildFile; fileRef = 85B16AEA2B270342007FE92D /* AlertBootcamp.swift */; };
		85B16AED2B270A4D007FE92D /* ActionSheetBootcamp.swift in Sources */ = {isa = PBXBuildFile; fileRef = 85B16AEC2B270A4D007FE92D /* ActionSheetBootcamp.swift */; };
		85B16AEF2B271536007FE92D /* ContextMenuBootcamp.swift in Sources */ = {isa = PBXBuildFile; fileRef = 85B16AEE2B271536007FE92D /* ContextMenuBootcamp.swift */; };
		85B16AF12B2719EF007FE92D /* TextFieldBootcamp.swift in Sources */ = {isa = PBXBuildFile; fileRef = 85B16AF02B2719EF007FE92D /* TextFieldBootcamp.swift */; };
		85B16AF32B283ED8007FE92D /* ColorPickerBootcamp.swift in Sources */ = {isa = PBXBuildFile; fileRef = 85B16AF22B283ED8007FE92D /* ColorPickerBootcamp.swift */; };
		85B16AF52B2845A4007FE92D /* DatePickerBootcamp.swift in Sources */ = {isa = PBXBuildFile; fileRef = 85B16AF42B2845A4007FE92D /* DatePickerBootcamp.swift */; };
		85B16AF72B284C0B007FE92D /* StepperBootcamp.swift in Sources */ = {isa = PBXBuildFile; fileRef = 85B16AF62B284C0B007FE92D /* StepperBootcamp.swift */; };
		85B16AF92B285098007FE92D /* SliderBootcamp.swift in Sources */ = {isa = PBXBuildFile; fileRef = 85B16AF82B285098007FE92D /* SliderBootcamp.swift */; };
		85B16AFB2B28569B007FE92D /* TabViewBootcamp.swift in Sources */ = {isa = PBXBuildFile; fileRef = 85B16AFA2B28569B007FE92D /* TabViewBootcamp.swift */; };
		85B16AFD2B286060007FE92D /* DarkModeBootcamp.swift in Sources */ = {isa = PBXBuildFile; fileRef = 85B16AFC2B286060007FE92D /* DarkModeBootcamp.swift */; };
		85B16AFF2B286730007FE92D /* DocumentationBootcamp.swift in Sources */ = {isa = PBXBuildFile; fileRef = 85B16AFE2B286730007FE92D /* DocumentationBootcamp.swift */; };
		85B16B012B2987C3007FE92D /* ViewModelBootcamp.swift in Sources */ = {isa = PBXBuildFile; fileRef = 85B16B002B2987C3007FE92D /* ViewModelBootcamp.swift */; };
		85B16B032B2998A3007FE92D /* EnvironmentObjectBootcamp.swift in Sources */ = {isa = PBXBuildFile; fileRef = 85B16B022B2998A3007FE92D /* EnvironmentObjectBootcamp.swift */; };
		85B16B052B29A796007FE92D /* AppStorageBootcamp.swift in Sources */ = {isa = PBXBuildFile; fileRef = 85B16B042B29A796007FE92D /* AppStorageBootcamp.swift */; };
		85B16B082B29AEF0007FE92D /* IntroView.swift in Sources */ = {isa = PBXBuildFile; fileRef = 85B16B072B29AEF0007FE92D /* IntroView.swift */; };
		85B16B0A2B29B118007FE92D /* OnboardingView.swift in Sources */ = {isa = PBXBuildFile; fileRef = 85B16B092B29B118007FE92D /* OnboardingView.swift */; };
		85B16B0C2B2AD4B7007FE92D /* ButtonStyleBootcamp.swift in Sources */ = {isa = PBXBuildFile; fileRef = 85B16B0B2B2AD4B7007FE92D /* ButtonStyleBootcamp.swift */; };
		85B16B0E2B2AD9B3007FE92D /* SwipeActionBootcamp.swift in Sources */ = {isa = PBXBuildFile; fileRef = 85B16B0D2B2AD9B3007FE92D /* SwipeActionBootcamp.swift */; };
		85B16B102B2AE038007FE92D /* BadgeBootcamp.swift in Sources */ = {isa = PBXBuildFile; fileRef = 85B16B0F2B2AE038007FE92D /* BadgeBootcamp.swift */; };
		85B16B122B2AE307007FE92D /* FocusStateBootcamp.swift in Sources */ = {isa = PBXBuildFile; fileRef = 85B16B112B2AE307007FE92D /* FocusStateBootcamp.swift */; };
		85B16B142B2AEBE8007FE92D /* SubmitTextFieldBootcamp.swift in Sources */ = {isa = PBXBuildFile; fileRef = 85B16B132B2AEBE8007FE92D /* SubmitTextFieldBootcamp.swift */; };
		85B16B162B2AF68B007FE92D /* NavigationStackBootcamp.swift in Sources */ = {isa = PBXBuildFile; fileRef = 85B16B152B2AF68B007FE92D /* NavigationStackBootcamp.swift */; };
		85B16B182B2B0266007FE92D /* ToolbarBootcamp.swift in Sources */ = {isa = PBXBuildFile; fileRef = 85B16B172B2B0266007FE92D /* ToolbarBootcamp.swift */; };
		85B16B1A2B2B0D47007FE92D /* ResizableSheet.swift in Sources */ = {isa = PBXBuildFile; fileRef = 85B16B192B2B0D47007FE92D /* ResizableSheet.swift */; };
/* End PBXBuildFile section */

/* Begin PBXFileReference section */
		5C3BD5F72B2A04AE0090B1C3 /* UserProfileView.swift */ = {isa = PBXFileReference; lastKnownFileType = sourcecode.swift; path = UserProfileView.swift; sourceTree = "<group>"; };
		5C90A07E2B30916D00357882 /* LongPressGestureBootcamp.swift */ = {isa = PBXFileReference; lastKnownFileType = sourcecode.swift; path = LongPressGestureBootcamp.swift; sourceTree = "<group>"; };
		5CBF2E212B2A0D5D00CC1AC3 /* AsyncImageBootcamp.swift */ = {isa = PBXFileReference; lastKnownFileType = sourcecode.swift; path = AsyncImageBootcamp.swift; sourceTree = "<group>"; };
		5CBF2E232B2A14C000CC1AC3 /* BackgroundMaterialBootcamp.swift */ = {isa = PBXFileReference; lastKnownFileType = sourcecode.swift; path = BackgroundMaterialBootcamp.swift; sourceTree = "<group>"; };
		5CBF2E252B2A17AD00CC1AC3 /* TextSelectionBootcamp.swift */ = {isa = PBXFileReference; lastKnownFileType = sourcecode.swift; path = TextSelectionBootcamp.swift; sourceTree = "<group>"; };
		5CBF2E272B2B279900CC1AC3 /* SafeAreaInsetBootcamp.swift */ = {isa = PBXFileReference; lastKnownFileType = sourcecode.swift; path = SafeAreaInsetBootcamp.swift; sourceTree = "<group>"; };
		5CBF2E292B2B42AA00CC1AC3 /* GroupBootcamp.swift */ = {isa = PBXFileReference; lastKnownFileType = sourcecode.swift; path = GroupBootcamp.swift; sourceTree = "<group>"; };
		5CBF2E2B2B2B43C500CC1AC3 /* AnimationUpdatedBootcamp.swift */ = {isa = PBXFileReference; lastKnownFileType = sourcecode.swift; path = AnimationUpdatedBootcamp.swift; sourceTree = "<group>"; };
		5CBF2E2D2B2B494200CC1AC3 /* MenuBootcamp.swift */ = {isa = PBXFileReference; lastKnownFileType = sourcecode.swift; path = MenuBootcamp.swift; sourceTree = "<group>"; };
		5CBF2E2F2B2B4BEF00CC1AC3 /* NativePopoverBootcamp.swift */ = {isa = PBXFileReference; lastKnownFileType = sourcecode.swift; path = NativePopoverBootcamp.swift; sourceTree = "<group>"; };
		5CBF2E312B2B544500CC1AC3 /* AnyLayoutBootcamp.swift */ = {isa = PBXFileReference; lastKnownFileType = sourcecode.swift; path = AnyLayoutBootcamp.swift; sourceTree = "<group>"; };
		5CBF2E332B2B5B1800CC1AC3 /* ViewThatFitBootcamp.swift */ = {isa = PBXFileReference; lastKnownFileType = sourcecode.swift; path = ViewThatFitBootcamp.swift; sourceTree = "<group>"; };
		5CC56E412B1F70FA00CA8037 /* Bootcamp-SwiftUI.app */ = {isa = PBXFileReference; explicitFileType = wrapper.application; includeInIndex = 0; path = "Bootcamp-SwiftUI.app"; sourceTree = BUILT_PRODUCTS_DIR; };
		5CC56E442B1F70FA00CA8037 /* Bootcamp_SwiftUIApp.swift */ = {isa = PBXFileReference; lastKnownFileType = sourcecode.swift; path = Bootcamp_SwiftUIApp.swift; sourceTree = "<group>"; };
		5CC56E462B1F70FA00CA8037 /* ContentView.swift */ = {isa = PBXFileReference; lastKnownFileType = sourcecode.swift; path = ContentView.swift; sourceTree = "<group>"; };
		5CC56E482B1F70FC00CA8037 /* Assets.xcassets */ = {isa = PBXFileReference; lastKnownFileType = folder.assetcatalog; path = Assets.xcassets; sourceTree = "<group>"; };
		5CC56E4B2B1F70FC00CA8037 /* Preview Assets.xcassets */ = {isa = PBXFileReference; lastKnownFileType = folder.assetcatalog; path = "Preview Assets.xcassets"; sourceTree = "<group>"; };
		5CC56E522B1F77F600CA8037 /* TextBootcamp.swift */ = {isa = PBXFileReference; lastKnownFileType = sourcecode.swift; path = TextBootcamp.swift; sourceTree = "<group>"; };
		5CC56E542B20C5AA00CA8037 /* ShapeBootcamp.swift */ = {isa = PBXFileReference; lastKnownFileType = sourcecode.swift; path = ShapeBootcamp.swift; sourceTree = "<group>"; };
		5CC56E562B20CE9200CA8037 /* ColorBootcamp.swift */ = {isa = PBXFileReference; lastKnownFileType = sourcecode.swift; path = ColorBootcamp.swift; sourceTree = "<group>"; };
		5CC56E582B22159600CA8037 /* GradientsBootcamp.swift */ = {isa = PBXFileReference; lastKnownFileType = sourcecode.swift; path = GradientsBootcamp.swift; sourceTree = "<group>"; };
		5CC56E5A2B2365F800CA8037 /* PaddingBootcamp.swift */ = {isa = PBXFileReference; lastKnownFileType = sourcecode.swift; path = PaddingBootcamp.swift; sourceTree = "<group>"; };
		5CC56E5C2B236BF600CA8037 /* SpacerBootcamp.swift */ = {isa = PBXFileReference; lastKnownFileType = sourcecode.swift; path = SpacerBootcamp.swift; sourceTree = "<group>"; };
		5CC56E5E2B242A3C00CA8037 /* InitializerBootcamp.swift */ = {isa = PBXFileReference; lastKnownFileType = sourcecode.swift; path = InitializerBootcamp.swift; sourceTree = "<group>"; };
		5CC56E602B2431FE00CA8037 /* ForEachBootcamp.swift */ = {isa = PBXFileReference; lastKnownFileType = sourcecode.swift; path = ForEachBootcamp.swift; sourceTree = "<group>"; };
		5CC56E622B24374800CA8037 /* ScrollViewBootcamp.swift */ = {isa = PBXFileReference; lastKnownFileType = sourcecode.swift; path = ScrollViewBootcamp.swift; sourceTree = "<group>"; };
		5CC56E642B24432800CA8037 /* GridBootcamp.swift */ = {isa = PBXFileReference; lastKnownFileType = sourcecode.swift; path = GridBootcamp.swift; sourceTree = "<group>"; };
		5CC56E662B245DBF00CA8037 /* SafeAreaBootcamp.swift */ = {isa = PBXFileReference; lastKnownFileType = sourcecode.swift; path = SafeAreaBootcamp.swift; sourceTree = "<group>"; };
		5CC56E682B24700E00CA8037 /* ButtonBootcamp.swift */ = {isa = PBXFileReference; lastKnownFileType = sourcecode.swift; path = ButtonBootcamp.swift; sourceTree = "<group>"; };
		5CC56E6A2B24ACCA00CA8037 /* StateBootcamp.swift */ = {isa = PBXFileReference; lastKnownFileType = sourcecode.swift; path = StateBootcamp.swift; sourceTree = "<group>"; };
		5CC56E6C2B24B1A200CA8037 /* ExtractFuncAndViewBootcamp.swift */ = {isa = PBXFileReference; lastKnownFileType = sourcecode.swift; path = ExtractFuncAndViewBootcamp.swift; sourceTree = "<group>"; };
		5CC56E6E2B24B6F900CA8037 /* ExtractSubviewBootcamp.swift */ = {isa = PBXFileReference; lastKnownFileType = sourcecode.swift; path = ExtractSubviewBootcamp.swift; sourceTree = "<group>"; };
		5CC56E702B24BF4300CA8037 /* BindingBootcamp.swift */ = {isa = PBXFileReference; lastKnownFileType = sourcecode.swift; path = BindingBootcamp.swift; sourceTree = "<group>"; };
		5CC56E722B24C65600CA8037 /* ConditionalBootcamp.swift */ = {isa = PBXFileReference; lastKnownFileType = sourcecode.swift; path = ConditionalBootcamp.swift; sourceTree = "<group>"; };
		5CC56E742B24CEEC00CA8037 /* TernaryBootcamp.swift */ = {isa = PBXFileReference; lastKnownFileType = sourcecode.swift; path = TernaryBootcamp.swift; sourceTree = "<group>"; };
		5CC56E762B2598FD00CA8037 /* AnimationBootcamp.swift */ = {isa = PBXFileReference; lastKnownFileType = sourcecode.swift; path = AnimationBootcamp.swift; sourceTree = "<group>"; };
		5CC56E782B25A06A00CA8037 /* AnimationTimingBootcamp.swift */ = {isa = PBXFileReference; lastKnownFileType = sourcecode.swift; path = AnimationTimingBootcamp.swift; sourceTree = "<group>"; };
		5CC56E7A2B25A65C00CA8037 /* Transition.swift */ = {isa = PBXFileReference; lastKnownFileType = sourcecode.swift; path = Transition.swift; sourceTree = "<group>"; };
		5CC56E7C2B25AB7500CA8037 /* SheetBootcamp.swift */ = {isa = PBXFileReference; lastKnownFileType = sourcecode.swift; path = SheetBootcamp.swift; sourceTree = "<group>"; };
		5CC56E7E2B25DD8800CA8037 /* PopoverBootcamp.swift */ = {isa = PBXFileReference; lastKnownFileType = sourcecode.swift; path = PopoverBootcamp.swift; sourceTree = "<group>"; };
		5CC56E802B274D0000CA8037 /* TextEditorBootcamp.swift */ = {isa = PBXFileReference; lastKnownFileType = sourcecode.swift; path = TextEditorBootcamp.swift; sourceTree = "<group>"; };
		5CC56E822B275DA300CA8037 /* ToggleBootcamp.swift */ = {isa = PBXFileReference; lastKnownFileType = sourcecode.swift; path = ToggleBootcamp.swift; sourceTree = "<group>"; };
		5CC56E842B27606300CA8037 /* PickerBootcamp.swift */ = {isa = PBXFileReference; lastKnownFileType = sourcecode.swift; path = PickerBootcamp.swift; sourceTree = "<group>"; };
		5CC56E862B28A0B900CA8037 /* OnAppearBootcamp.swift */ = {isa = PBXFileReference; lastKnownFileType = sourcecode.swift; path = OnAppearBootcamp.swift; sourceTree = "<group>"; };
		5CC56E882B28A29900CA8037 /* IfLetGuardBootcamp.swift */ = {isa = PBXFileReference; lastKnownFileType = sourcecode.swift; path = IfLetGuardBootcamp.swift; sourceTree = "<group>"; };
		5CC56E8A2B28B09F00CA8037 /* TapGestureBootcamp.swift */ = {isa = PBXFileReference; lastKnownFileType = sourcecode.swift; path = TapGestureBootcamp.swift; sourceTree = "<group>"; };
		5CC56E8C2B28B38D00CA8037 /* ModelBootcamp.swift */ = {isa = PBXFileReference; lastKnownFileType = sourcecode.swift; path = ModelBootcamp.swift; sourceTree = "<group>"; };
		8591DB042B31746A003684E4 /* MagnificationGestureBootcamp.swift */ = {isa = PBXFileReference; lastKnownFileType = sourcecode.swift; path = MagnificationGestureBootcamp.swift; sourceTree = "<group>"; };
		8591DB062B317C47003684E4 /* RotationGestureBootcamp.swift */ = {isa = PBXFileReference; lastKnownFileType = sourcecode.swift; path = RotationGestureBootcamp.swift; sourceTree = "<group>"; };
		8591DB082B31819A003684E4 /* DragGestureBootcamp.swift */ = {isa = PBXFileReference; lastKnownFileType = sourcecode.swift; path = DragGestureBootcamp.swift; sourceTree = "<group>"; };
		8591DB0A2B3188F8003684E4 /* DragGestureBootcamp2.swift */ = {isa = PBXFileReference; lastKnownFileType = sourcecode.swift; path = DragGestureBootcamp2.swift; sourceTree = "<group>"; };
		8591DB0C2B3195C8003684E4 /* ScrollViewReaderBootcamp.swift */ = {isa = PBXFileReference; lastKnownFileType = sourcecode.swift; path = ScrollViewReaderBootcamp.swift; sourceTree = "<group>"; };
		8591DB0E2B319DE4003684E4 /* GeometryReaderBootcamp.swift */ = {isa = PBXFileReference; lastKnownFileType = sourcecode.swift; path = GeometryReaderBootcamp.swift; sourceTree = "<group>"; };
		85B16ADC2B22F66C007FE92D /* IconBootcamp.swift */ = {isa = PBXFileReference; lastKnownFileType = sourcecode.swift; path = IconBootcamp.swift; sourceTree = "<group>"; };
		85B16ADE2B22FB4F007FE92D /* ImageBootcamp.swift */ = {isa = PBXFileReference; lastKnownFileType = sourcecode.swift; path = ImageBootcamp.swift; sourceTree = "<group>"; };
		85B16AE02B23022D007FE92D /* FrameBootcamp.swift */ = {isa = PBXFileReference; lastKnownFileType = sourcecode.swift; path = FrameBootcamp.swift; sourceTree = "<group>"; };
		85B16AE22B230642007FE92D /* BackgroundAndOverlayBootcamp.swift */ = {isa = PBXFileReference; lastKnownFileType = sourcecode.swift; path = BackgroundAndOverlayBootcamp.swift; sourceTree = "<group>"; };
		85B16AE42B2315BB007FE92D /* StackBootcamp.swift */ = {isa = PBXFileReference; lastKnownFileType = sourcecode.swift; path = StackBootcamp.swift; sourceTree = "<group>"; };
		85B16AE62B26E4B2007FE92D /* NavigationViewBootcamp.swift */ = {isa = PBXFileReference; lastKnownFileType = sourcecode.swift; path = NavigationViewBootcamp.swift; sourceTree = "<group>"; };
		85B16AE82B26ECD8007FE92D /* ListBootcamp.swift */ = {isa = PBXFileReference; lastKnownFileType = sourcecode.swift; path = ListBootcamp.swift; sourceTree = "<group>"; };
		85B16AEA2B270342007FE92D /* AlertBootcamp.swift */ = {isa = PBXFileReference; lastKnownFileType = sourcecode.swift; path = AlertBootcamp.swift; sourceTree = "<group>"; };
		85B16AEC2B270A4D007FE92D /* ActionSheetBootcamp.swift */ = {isa = PBXFileReference; lastKnownFileType = sourcecode.swift; path = ActionSheetBootcamp.swift; sourceTree = "<group>"; };
		85B16AEE2B271536007FE92D /* ContextMenuBootcamp.swift */ = {isa = PBXFileReference; lastKnownFileType = sourcecode.swift; path = ContextMenuBootcamp.swift; sourceTree = "<group>"; };
		85B16AF02B2719EF007FE92D /* TextFieldBootcamp.swift */ = {isa = PBXFileReference; lastKnownFileType = sourcecode.swift; path = TextFieldBootcamp.swift; sourceTree = "<group>"; };
		85B16AF22B283ED8007FE92D /* ColorPickerBootcamp.swift */ = {isa = PBXFileReference; lastKnownFileType = sourcecode.swift; path = ColorPickerBootcamp.swift; sourceTree = "<group>"; };
		85B16AF42B2845A4007FE92D /* DatePickerBootcamp.swift */ = {isa = PBXFileReference; lastKnownFileType = sourcecode.swift; path = DatePickerBootcamp.swift; sourceTree = "<group>"; };
		85B16AF62B284C0B007FE92D /* StepperBootcamp.swift */ = {isa = PBXFileReference; lastKnownFileType = sourcecode.swift; path = StepperBootcamp.swift; sourceTree = "<group>"; };
		85B16AF82B285098007FE92D /* SliderBootcamp.swift */ = {isa = PBXFileReference; lastKnownFileType = sourcecode.swift; path = SliderBootcamp.swift; sourceTree = "<group>"; };
		85B16AFA2B28569B007FE92D /* TabViewBootcamp.swift */ = {isa = PBXFileReference; lastKnownFileType = sourcecode.swift; path = TabViewBootcamp.swift; sourceTree = "<group>"; };
		85B16AFC2B286060007FE92D /* DarkModeBootcamp.swift */ = {isa = PBXFileReference; lastKnownFileType = sourcecode.swift; path = DarkModeBootcamp.swift; sourceTree = "<group>"; };
		85B16AFE2B286730007FE92D /* DocumentationBootcamp.swift */ = {isa = PBXFileReference; lastKnownFileType = sourcecode.swift; path = DocumentationBootcamp.swift; sourceTree = "<group>"; };
		85B16B002B2987C3007FE92D /* ViewModelBootcamp.swift */ = {isa = PBXFileReference; lastKnownFileType = sourcecode.swift; path = ViewModelBootcamp.swift; sourceTree = "<group>"; };
		85B16B022B2998A3007FE92D /* EnvironmentObjectBootcamp.swift */ = {isa = PBXFileReference; lastKnownFileType = sourcecode.swift; path = EnvironmentObjectBootcamp.swift; sourceTree = "<group>"; };
		85B16B042B29A796007FE92D /* AppStorageBootcamp.swift */ = {isa = PBXFileReference; lastKnownFileType = sourcecode.swift; path = AppStorageBootcamp.swift; sourceTree = "<group>"; };
		85B16B072B29AEF0007FE92D /* IntroView.swift */ = {isa = PBXFileReference; lastKnownFileType = sourcecode.swift; path = IntroView.swift; sourceTree = "<group>"; };
		85B16B092B29B118007FE92D /* OnboardingView.swift */ = {isa = PBXFileReference; lastKnownFileType = sourcecode.swift; path = OnboardingView.swift; sourceTree = "<group>"; };
		85B16B0B2B2AD4B7007FE92D /* ButtonStyleBootcamp.swift */ = {isa = PBXFileReference; lastKnownFileType = sourcecode.swift; path = ButtonStyleBootcamp.swift; sourceTree = "<group>"; };
		85B16B0D2B2AD9B3007FE92D /* SwipeActionBootcamp.swift */ = {isa = PBXFileReference; lastKnownFileType = sourcecode.swift; path = SwipeActionBootcamp.swift; sourceTree = "<group>"; };
		85B16B0F2B2AE038007FE92D /* BadgeBootcamp.swift */ = {isa = PBXFileReference; lastKnownFileType = sourcecode.swift; path = BadgeBootcamp.swift; sourceTree = "<group>"; };
		85B16B112B2AE307007FE92D /* FocusStateBootcamp.swift */ = {isa = PBXFileReference; lastKnownFileType = sourcecode.swift; path = FocusStateBootcamp.swift; sourceTree = "<group>"; };
		85B16B132B2AEBE8007FE92D /* SubmitTextFieldBootcamp.swift */ = {isa = PBXFileReference; lastKnownFileType = sourcecode.swift; path = SubmitTextFieldBootcamp.swift; sourceTree = "<group>"; };
		85B16B152B2AF68B007FE92D /* NavigationStackBootcamp.swift */ = {isa = PBXFileReference; lastKnownFileType = sourcecode.swift; path = NavigationStackBootcamp.swift; sourceTree = "<group>"; };
		85B16B172B2B0266007FE92D /* ToolbarBootcamp.swift */ = {isa = PBXFileReference; lastKnownFileType = sourcecode.swift; path = ToolbarBootcamp.swift; sourceTree = "<group>"; };
		85B16B192B2B0D47007FE92D /* ResizableSheet.swift */ = {isa = PBXFileReference; lastKnownFileType = sourcecode.swift; path = ResizableSheet.swift; sourceTree = "<group>"; };
/* End PBXFileReference section */

/* Begin PBXFrameworksBuildPhase section */
		5CC56E3E2B1F70FA00CA8037 /* Frameworks */ = {
			isa = PBXFrameworksBuildPhase;
			buildActionMask = 2147483647;
			files = (
			);
			runOnlyForDeploymentPostprocessing = 0;
		};
/* End PBXFrameworksBuildPhase section */

/* Begin PBXGroup section */
		5CC56E382B1F70FA00CA8037 = {
			isa = PBXGroup;
			children = (
				5CC56E432B1F70FA00CA8037 /* Bootcamp-SwiftUI */,
				5CC56E422B1F70FA00CA8037 /* Products */,
			);
			sourceTree = "<group>";
		};
		5CC56E422B1F70FA00CA8037 /* Products */ = {
			isa = PBXGroup;
			children = (
				5CC56E412B1F70FA00CA8037 /* Bootcamp-SwiftUI.app */,
			);
			name = Products;
			sourceTree = "<group>";
		};
		5CC56E432B1F70FA00CA8037 /* Bootcamp-SwiftUI */ = {
			isa = PBXGroup;
			children = (
				5CC56E442B1F70FA00CA8037 /* Bootcamp_SwiftUIApp.swift */,
				5CC56E462B1F70FA00CA8037 /* ContentView.swift */,
				5CC56E522B1F77F600CA8037 /* TextBootcamp.swift */,
				5CC56E542B20C5AA00CA8037 /* ShapeBootcamp.swift */,
				5CC56E562B20CE9200CA8037 /* ColorBootcamp.swift */,
				5CC56E582B22159600CA8037 /* GradientsBootcamp.swift */,
				85B16ADC2B22F66C007FE92D /* IconBootcamp.swift */,
				85B16ADE2B22FB4F007FE92D /* ImageBootcamp.swift */,
				85B16AE02B23022D007FE92D /* FrameBootcamp.swift */,
				85B16AE22B230642007FE92D /* BackgroundAndOverlayBootcamp.swift */,
				85B16AE42B2315BB007FE92D /* StackBootcamp.swift */,
				5CC56E5A2B2365F800CA8037 /* PaddingBootcamp.swift */,
				5CC56E5C2B236BF600CA8037 /* SpacerBootcamp.swift */,
				5CC56E5E2B242A3C00CA8037 /* InitializerBootcamp.swift */,
				5CC56E602B2431FE00CA8037 /* ForEachBootcamp.swift */,
				5CC56E622B24374800CA8037 /* ScrollViewBootcamp.swift */,
				5CC56E642B24432800CA8037 /* GridBootcamp.swift */,
				5CC56E662B245DBF00CA8037 /* SafeAreaBootcamp.swift */,
				5CC56E682B24700E00CA8037 /* ButtonBootcamp.swift */,
				5CC56E6A2B24ACCA00CA8037 /* StateBootcamp.swift */,
				5CC56E6C2B24B1A200CA8037 /* ExtractFuncAndViewBootcamp.swift */,
				5CC56E6E2B24B6F900CA8037 /* ExtractSubviewBootcamp.swift */,
				5CC56E702B24BF4300CA8037 /* BindingBootcamp.swift */,
				5CC56E722B24C65600CA8037 /* ConditionalBootcamp.swift */,
				5CC56E742B24CEEC00CA8037 /* TernaryBootcamp.swift */,
				5CC56E762B2598FD00CA8037 /* AnimationBootcamp.swift */,
				5CC56E782B25A06A00CA8037 /* AnimationTimingBootcamp.swift */,
				5CC56E7A2B25A65C00CA8037 /* Transition.swift */,
				5CC56E7C2B25AB7500CA8037 /* SheetBootcamp.swift */,
				5CC56E7E2B25DD8800CA8037 /* PopoverBootcamp.swift */,
				85B16AE62B26E4B2007FE92D /* NavigationViewBootcamp.swift */,
				85B16AE82B26ECD8007FE92D /* ListBootcamp.swift */,
				85B16AEA2B270342007FE92D /* AlertBootcamp.swift */,
				85B16AEC2B270A4D007FE92D /* ActionSheetBootcamp.swift */,
				85B16AEE2B271536007FE92D /* ContextMenuBootcamp.swift */,
				85B16AF02B2719EF007FE92D /* TextFieldBootcamp.swift */,
				5CC56E802B274D0000CA8037 /* TextEditorBootcamp.swift */,
				5CC56E822B275DA300CA8037 /* ToggleBootcamp.swift */,
				5CC56E842B27606300CA8037 /* PickerBootcamp.swift */,
				85B16AF22B283ED8007FE92D /* ColorPickerBootcamp.swift */,
				85B16AF42B2845A4007FE92D /* DatePickerBootcamp.swift */,
				85B16AF62B284C0B007FE92D /* StepperBootcamp.swift */,
				85B16AF82B285098007FE92D /* SliderBootcamp.swift */,
				85B16AFA2B28569B007FE92D /* TabViewBootcamp.swift */,
				85B16AFC2B286060007FE92D /* DarkModeBootcamp.swift */,
				85B16AFE2B286730007FE92D /* DocumentationBootcamp.swift */,
				5CC56E862B28A0B900CA8037 /* OnAppearBootcamp.swift */,
				5CC56E882B28A29900CA8037 /* IfLetGuardBootcamp.swift */,
				5CC56E8A2B28B09F00CA8037 /* TapGestureBootcamp.swift */,
				5CC56E8C2B28B38D00CA8037 /* ModelBootcamp.swift */,
				85B16B002B2987C3007FE92D /* ViewModelBootcamp.swift */,
				85B16B022B2998A3007FE92D /* EnvironmentObjectBootcamp.swift */,
				85B16B042B29A796007FE92D /* AppStorageBootcamp.swift */,
				85B16B062B29AEC3007FE92D /* OnboardingViews */,
				5CBF2E212B2A0D5D00CC1AC3 /* AsyncImageBootcamp.swift */,
				5CBF2E232B2A14C000CC1AC3 /* BackgroundMaterialBootcamp.swift */,
				5CBF2E252B2A17AD00CC1AC3 /* TextSelectionBootcamp.swift */,
				85B16B0B2B2AD4B7007FE92D /* ButtonStyleBootcamp.swift */,
				85B16B0D2B2AD9B3007FE92D /* SwipeActionBootcamp.swift */,
				85B16B0F2B2AE038007FE92D /* BadgeBootcamp.swift */,
				85B16B112B2AE307007FE92D /* FocusStateBootcamp.swift */,
				85B16B132B2AEBE8007FE92D /* SubmitTextFieldBootcamp.swift */,
				85B16B152B2AF68B007FE92D /* NavigationStackBootcamp.swift */,
				85B16B172B2B0266007FE92D /* ToolbarBootcamp.swift */,
				85B16B192B2B0D47007FE92D /* ResizableSheet.swift */,
				5CBF2E272B2B279900CC1AC3 /* SafeAreaInsetBootcamp.swift */,
				5CBF2E292B2B42AA00CC1AC3 /* GroupBootcamp.swift */,
				5CBF2E2B2B2B43C500CC1AC3 /* AnimationUpdatedBootcamp.swift */,
				5CBF2E2D2B2B494200CC1AC3 /* MenuBootcamp.swift */,
				5CBF2E2F2B2B4BEF00CC1AC3 /* NativePopoverBootcamp.swift */,
				5CBF2E312B2B544500CC1AC3 /* AnyLayoutBootcamp.swift */,
				5CBF2E332B2B5B1800CC1AC3 /* ViewThatFitBootcamp.swift */,
				5C90A07E2B30916D00357882 /* LongPressGestureBootcamp.swift */,
				8591DB042B31746A003684E4 /* MagnificationGestureBootcamp.swift */,
				8591DB062B317C47003684E4 /* RotationGestureBootcamp.swift */,
				8591DB082B31819A003684E4 /* DragGestureBootcamp.swift */,
				8591DB0A2B3188F8003684E4 /* DragGestureBootcamp2.swift */,
				8591DB0C2B3195C8003684E4 /* ScrollViewReaderBootcamp.swift */,
				8591DB0E2B319DE4003684E4 /* GeometryReaderBootcamp.swift */,
				5CC56E482B1F70FC00CA8037 /* Assets.xcassets */,
				5CC56E4A2B1F70FC00CA8037 /* Preview Content */,
			);
			path = "Bootcamp-SwiftUI";
			sourceTree = "<group>";
		};
		5CC56E4A2B1F70FC00CA8037 /* Preview Content */ = {
			isa = PBXGroup;
			children = (
				5CC56E4B2B1F70FC00CA8037 /* Preview Assets.xcassets */,
			);
			path = "Preview Content";
			sourceTree = "<group>";
		};
		85B16B062B29AEC3007FE92D /* OnboardingViews */ = {
			isa = PBXGroup;
			children = (
				85B16B072B29AEF0007FE92D /* IntroView.swift */,
				85B16B092B29B118007FE92D /* OnboardingView.swift */,
				5C3BD5F72B2A04AE0090B1C3 /* UserProfileView.swift */,
			);
			path = OnboardingViews;
			sourceTree = "<group>";
		};
/* End PBXGroup section */

/* Begin PBXNativeTarget section */
		5CC56E402B1F70FA00CA8037 /* Bootcamp-SwiftUI */ = {
			isa = PBXNativeTarget;
			buildConfigurationList = 5CC56E4F2B1F70FC00CA8037 /* Build configuration list for PBXNativeTarget "Bootcamp-SwiftUI" */;
			buildPhases = (
				5CC56E3D2B1F70FA00CA8037 /* Sources */,
				5CC56E3E2B1F70FA00CA8037 /* Frameworks */,
				5CC56E3F2B1F70FA00CA8037 /* Resources */,
			);
			buildRules = (
			);
			dependencies = (
			);
			name = "Bootcamp-SwiftUI";
			productName = "Bootcamp-SwiftUI";
			productReference = 5CC56E412B1F70FA00CA8037 /* Bootcamp-SwiftUI.app */;
			productType = "com.apple.product-type.application";
		};
/* End PBXNativeTarget section */

/* Begin PBXProject section */
		5CC56E392B1F70FA00CA8037 /* Project object */ = {
			isa = PBXProject;
			attributes = {
				BuildIndependentTargetsInParallel = 1;
				LastSwiftUpdateCheck = 1500;
				LastUpgradeCheck = 1500;
				TargetAttributes = {
					5CC56E402B1F70FA00CA8037 = {
						CreatedOnToolsVersion = 15.0.1;
					};
				};
			};
			buildConfigurationList = 5CC56E3C2B1F70FA00CA8037 /* Build configuration list for PBXProject "Bootcamp-SwiftUI" */;
			compatibilityVersion = "Xcode 14.0";
			developmentRegion = en;
			hasScannedForEncodings = 0;
			knownRegions = (
				en,
				Base,
			);
			mainGroup = 5CC56E382B1F70FA00CA8037;
			productRefGroup = 5CC56E422B1F70FA00CA8037 /* Products */;
			projectDirPath = "";
			projectRoot = "";
			targets = (
				5CC56E402B1F70FA00CA8037 /* Bootcamp-SwiftUI */,
			);
		};
/* End PBXProject section */

/* Begin PBXResourcesBuildPhase section */
		5CC56E3F2B1F70FA00CA8037 /* Resources */ = {
			isa = PBXResourcesBuildPhase;
			buildActionMask = 2147483647;
			files = (
				5CC56E4C2B1F70FC00CA8037 /* Preview Assets.xcassets in Resources */,
				5CC56E492B1F70FC00CA8037 /* Assets.xcassets in Resources */,
			);
			runOnlyForDeploymentPostprocessing = 0;
		};
/* End PBXResourcesBuildPhase section */

/* Begin PBXSourcesBuildPhase section */
		5CC56E3D2B1F70FA00CA8037 /* Sources */ = {
			isa = PBXSourcesBuildPhase;
			buildActionMask = 2147483647;
			files = (
				5CC56E6B2B24ACCA00CA8037 /* StateBootcamp.swift in Sources */,
				5CC56E592B22159600CA8037 /* GradientsBootcamp.swift in Sources */,
				5CC56E6F2B24B6F900CA8037 /* ExtractSubviewBootcamp.swift in Sources */,
				85B16AFB2B28569B007FE92D /* TabViewBootcamp.swift in Sources */,
				5CBF2E242B2A14C000CC1AC3 /* BackgroundMaterialBootcamp.swift in Sources */,
				85B16AE32B230642007FE92D /* BackgroundAndOverlayBootcamp.swift in Sources */,
				8591DB092B31819A003684E4 /* DragGestureBootcamp.swift in Sources */,
				85B16B0C2B2AD4B7007FE92D /* ButtonStyleBootcamp.swift in Sources */,
				5CC56E8B2B28B09F00CA8037 /* TapGestureBootcamp.swift in Sources */,
				5CC56E8D2B28B38D00CA8037 /* ModelBootcamp.swift in Sources */,
				5CC56E812B274D0000CA8037 /* TextEditorBootcamp.swift in Sources */,
				5CC56E632B24374800CA8037 /* ScrollViewBootcamp.swift in Sources */,
				5CC56E5B2B2365F800CA8037 /* PaddingBootcamp.swift in Sources */,
				85B16AF52B2845A4007FE92D /* DatePickerBootcamp.swift in Sources */,
				5CC56E572B20CE9200CA8037 /* ColorBootcamp.swift in Sources */,
				5CBF2E2E2B2B494200CC1AC3 /* MenuBootcamp.swift in Sources */,
				85B16AEF2B271536007FE92D /* ContextMenuBootcamp.swift in Sources */,
				85B16AE12B23022D007FE92D /* FrameBootcamp.swift in Sources */,
				5CC56E5F2B242A3C00CA8037 /* InitializerBootcamp.swift in Sources */,
				85B16ADD2B22F66C007FE92D /* IconBootcamp.swift in Sources */,
				5CBF2E282B2B279900CC1AC3 /* SafeAreaInsetBootcamp.swift in Sources */,
				5CBF2E222B2A0D5D00CC1AC3 /* AsyncImageBootcamp.swift in Sources */,
				8591DB0B2B3188F8003684E4 /* DragGestureBootcamp2.swift in Sources */,
				5CC56E752B24CEEC00CA8037 /* TernaryBootcamp.swift in Sources */,
				5CBF2E342B2B5B1800CC1AC3 /* ViewThatFitBootcamp.swift in Sources */,
				5CC56E892B28A29900CA8037 /* IfLetGuardBootcamp.swift in Sources */,
				5CBF2E262B2A17AD00CC1AC3 /* TextSelectionBootcamp.swift in Sources */,
				8591DB0D2B3195C8003684E4 /* ScrollViewReaderBootcamp.swift in Sources */,
				5CBF2E2C2B2B43C500CC1AC3 /* AnimationUpdatedBootcamp.swift in Sources */,
				8591DB072B317C47003684E4 /* RotationGestureBootcamp.swift in Sources */,
				85B16B162B2AF68B007FE92D /* NavigationStackBootcamp.swift in Sources */,
				5CC56E672B245DBF00CA8037 /* SafeAreaBootcamp.swift in Sources */,
				85B16AEB2B270342007FE92D /* AlertBootcamp.swift in Sources */,
				8591DB0F2B319DE4003684E4 /* GeometryReaderBootcamp.swift in Sources */,
				85B16B0E2B2AD9B3007FE92D /* SwipeActionBootcamp.swift in Sources */,
				5CC56E552B20C5AA00CA8037 /* ShapeBootcamp.swift in Sources */,
				5CC56E792B25A06A00CA8037 /* AnimationTimingBootcamp.swift in Sources */,
				85B16B182B2B0266007FE92D /* ToolbarBootcamp.swift in Sources */,
				85B16AF32B283ED8007FE92D /* ColorPickerBootcamp.swift in Sources */,
				85B16B082B29AEF0007FE92D /* IntroView.swift in Sources */,
				5CC56E7B2B25A65C00CA8037 /* Transition.swift in Sources */,
				5CC56E612B2431FE00CA8037 /* ForEachBootcamp.swift in Sources */,
				5CC56E852B27606300CA8037 /* PickerBootcamp.swift in Sources */,
				85B16B122B2AE307007FE92D /* FocusStateBootcamp.swift in Sources */,
				5CC56E692B24700E00CA8037 /* ButtonBootcamp.swift in Sources */,
				5CC56E7D2B25AB7500CA8037 /* SheetBootcamp.swift in Sources */,
				5CC56E472B1F70FA00CA8037 /* ContentView.swift in Sources */,
				8591DB052B31746A003684E4 /* MagnificationGestureBootcamp.swift in Sources */,
				85B16AE52B2315BB007FE92D /* StackBootcamp.swift in Sources */,
				5CBF2E2A2B2B42AA00CC1AC3 /* GroupBootcamp.swift in Sources */,
				5C90A07F2B30916D00357882 /* LongPressGestureBootcamp.swift in Sources */,
				85B16ADF2B22FB4F007FE92D /* ImageBootcamp.swift in Sources */,
				85B16B012B2987C3007FE92D /* ViewModelBootcamp.swift in Sources */,
				85B16B1A2B2B0D47007FE92D /* ResizableSheet.swift in Sources */,
				5CC56E832B275DA300CA8037 /* ToggleBootcamp.swift in Sources */,
				85B16B052B29A796007FE92D /* AppStorageBootcamp.swift in Sources */,
				5C3BD5F82B2A04AF0090B1C3 /* UserProfileView.swift in Sources */,
				85B16B142B2AEBE8007FE92D /* SubmitTextFieldBootcamp.swift in Sources */,
				5CC56E872B28A0B900CA8037 /* OnAppearBootcamp.swift in Sources */,
				85B16AFF2B286730007FE92D /* DocumentationBootcamp.swift in Sources */,
				5CC56E5D2B236BF600CA8037 /* SpacerBootcamp.swift in Sources */,
				5CBF2E322B2B544500CC1AC3 /* AnyLayoutBootcamp.swift in Sources */,
				85B16B102B2AE038007FE92D /* BadgeBootcamp.swift in Sources */,
				5CC56E7F2B25DD8800CA8037 /* PopoverBootcamp.swift in Sources */,
				85B16AFD2B286060007FE92D /* DarkModeBootcamp.swift in Sources */,
				85B16AF72B284C0B007FE92D /* StepperBootcamp.swift in Sources */,
				85B16AED2B270A4D007FE92D /* ActionSheetBootcamp.swift in Sources */,
				5CC56E712B24BF4300CA8037 /* BindingBootcamp.swift in Sources */,
				85B16B0A2B29B118007FE92D /* OnboardingView.swift in Sources */,
				5CC56E652B24432800CA8037 /* GridBootcamp.swift in Sources */,
				5CBF2E302B2B4BEF00CC1AC3 /* NativePopoverBootcamp.swift in Sources */,
				85B16AF12B2719EF007FE92D /* TextFieldBootcamp.swift in Sources */,
				85B16AF92B285098007FE92D /* SliderBootcamp.swift in Sources */,
				5CC56E772B2598FD00CA8037 /* AnimationBootcamp.swift in Sources */,
				5CC56E532B1F77F600CA8037 /* TextBootcamp.swift in Sources */,
				85B16AE72B26E4B2007FE92D /* NavigationViewBootcamp.swift in Sources */,
				85B16B032B2998A3007FE92D /* EnvironmentObjectBootcamp.swift in Sources */,
				5CC56E732B24C65600CA8037 /* ConditionalBootcamp.swift in Sources */,
				5CC56E452B1F70FA00CA8037 /* Bootcamp_SwiftUIApp.swift in Sources */,
				85B16AE92B26ECD8007FE92D /* ListBootcamp.swift in Sources */,
				5CC56E6D2B24B1A200CA8037 /* ExtractFuncAndViewBootcamp.swift in Sources */,
			);
			runOnlyForDeploymentPostprocessing = 0;
		};
/* End PBXSourcesBuildPhase section */

/* Begin XCBuildConfiguration section */
		5CC56E4D2B1F70FC00CA8037 /* Debug */ = {
			isa = XCBuildConfiguration;
			buildSettings = {
				ALWAYS_SEARCH_USER_PATHS = NO;
				ASSETCATALOG_COMPILER_GENERATE_SWIFT_ASSET_SYMBOL_EXTENSIONS = YES;
				CLANG_ANALYZER_NONNULL = YES;
				CLANG_ANALYZER_NUMBER_OBJECT_CONVERSION = YES_AGGRESSIVE;
				CLANG_CXX_LANGUAGE_STANDARD = "gnu++20";
				CLANG_ENABLE_MODULES = YES;
				CLANG_ENABLE_OBJC_ARC = YES;
				CLANG_ENABLE_OBJC_WEAK = YES;
				CLANG_WARN_BLOCK_CAPTURE_AUTORELEASING = YES;
				CLANG_WARN_BOOL_CONVERSION = YES;
				CLANG_WARN_COMMA = YES;
				CLANG_WARN_CONSTANT_CONVERSION = YES;
				CLANG_WARN_DEPRECATED_OBJC_IMPLEMENTATIONS = YES;
				CLANG_WARN_DIRECT_OBJC_ISA_USAGE = YES_ERROR;
				CLANG_WARN_DOCUMENTATION_COMMENTS = YES;
				CLANG_WARN_EMPTY_BODY = YES;
				CLANG_WARN_ENUM_CONVERSION = YES;
				CLANG_WARN_INFINITE_RECURSION = YES;
				CLANG_WARN_INT_CONVERSION = YES;
				CLANG_WARN_NON_LITERAL_NULL_CONVERSION = YES;
				CLANG_WARN_OBJC_IMPLICIT_RETAIN_SELF = YES;
				CLANG_WARN_OBJC_LITERAL_CONVERSION = YES;
				CLANG_WARN_OBJC_ROOT_CLASS = YES_ERROR;
				CLANG_WARN_QUOTED_INCLUDE_IN_FRAMEWORK_HEADER = YES;
				CLANG_WARN_RANGE_LOOP_ANALYSIS = YES;
				CLANG_WARN_STRICT_PROTOTYPES = YES;
				CLANG_WARN_SUSPICIOUS_MOVE = YES;
				CLANG_WARN_UNGUARDED_AVAILABILITY = YES_AGGRESSIVE;
				CLANG_WARN_UNREACHABLE_CODE = YES;
				CLANG_WARN__DUPLICATE_METHOD_MATCH = YES;
				COPY_PHASE_STRIP = NO;
				DEBUG_INFORMATION_FORMAT = dwarf;
				ENABLE_STRICT_OBJC_MSGSEND = YES;
				ENABLE_TESTABILITY = YES;
				ENABLE_USER_SCRIPT_SANDBOXING = YES;
				GCC_C_LANGUAGE_STANDARD = gnu17;
				GCC_DYNAMIC_NO_PIC = NO;
				GCC_NO_COMMON_BLOCKS = YES;
				GCC_OPTIMIZATION_LEVEL = 0;
				GCC_PREPROCESSOR_DEFINITIONS = (
					"DEBUG=1",
					"$(inherited)",
				);
				GCC_WARN_64_TO_32_BIT_CONVERSION = YES;
				GCC_WARN_ABOUT_RETURN_TYPE = YES_ERROR;
				GCC_WARN_UNDECLARED_SELECTOR = YES;
				GCC_WARN_UNINITIALIZED_AUTOS = YES_AGGRESSIVE;
				GCC_WARN_UNUSED_FUNCTION = YES;
				GCC_WARN_UNUSED_VARIABLE = YES;
				IPHONEOS_DEPLOYMENT_TARGET = 17.0;
				LOCALIZATION_PREFERS_STRING_CATALOGS = YES;
				MTL_ENABLE_DEBUG_INFO = INCLUDE_SOURCE;
				MTL_FAST_MATH = YES;
				ONLY_ACTIVE_ARCH = YES;
				SDKROOT = iphoneos;
				SWIFT_ACTIVE_COMPILATION_CONDITIONS = "DEBUG $(inherited)";
				SWIFT_OPTIMIZATION_LEVEL = "-Onone";
			};
			name = Debug;
		};
		5CC56E4E2B1F70FC00CA8037 /* Release */ = {
			isa = XCBuildConfiguration;
			buildSettings = {
				ALWAYS_SEARCH_USER_PATHS = NO;
				ASSETCATALOG_COMPILER_GENERATE_SWIFT_ASSET_SYMBOL_EXTENSIONS = YES;
				CLANG_ANALYZER_NONNULL = YES;
				CLANG_ANALYZER_NUMBER_OBJECT_CONVERSION = YES_AGGRESSIVE;
				CLANG_CXX_LANGUAGE_STANDARD = "gnu++20";
				CLANG_ENABLE_MODULES = YES;
				CLANG_ENABLE_OBJC_ARC = YES;
				CLANG_ENABLE_OBJC_WEAK = YES;
				CLANG_WARN_BLOCK_CAPTURE_AUTORELEASING = YES;
				CLANG_WARN_BOOL_CONVERSION = YES;
				CLANG_WARN_COMMA = YES;
				CLANG_WARN_CONSTANT_CONVERSION = YES;
				CLANG_WARN_DEPRECATED_OBJC_IMPLEMENTATIONS = YES;
				CLANG_WARN_DIRECT_OBJC_ISA_USAGE = YES_ERROR;
				CLANG_WARN_DOCUMENTATION_COMMENTS = YES;
				CLANG_WARN_EMPTY_BODY = YES;
				CLANG_WARN_ENUM_CONVERSION = YES;
				CLANG_WARN_INFINITE_RECURSION = YES;
				CLANG_WARN_INT_CONVERSION = YES;
				CLANG_WARN_NON_LITERAL_NULL_CONVERSION = YES;
				CLANG_WARN_OBJC_IMPLICIT_RETAIN_SELF = YES;
				CLANG_WARN_OBJC_LITERAL_CONVERSION = YES;
				CLANG_WARN_OBJC_ROOT_CLASS = YES_ERROR;
				CLANG_WARN_QUOTED_INCLUDE_IN_FRAMEWORK_HEADER = YES;
				CLANG_WARN_RANGE_LOOP_ANALYSIS = YES;
				CLANG_WARN_STRICT_PROTOTYPES = YES;
				CLANG_WARN_SUSPICIOUS_MOVE = YES;
				CLANG_WARN_UNGUARDED_AVAILABILITY = YES_AGGRESSIVE;
				CLANG_WARN_UNREACHABLE_CODE = YES;
				CLANG_WARN__DUPLICATE_METHOD_MATCH = YES;
				COPY_PHASE_STRIP = NO;
				DEBUG_INFORMATION_FORMAT = "dwarf-with-dsym";
				ENABLE_NS_ASSERTIONS = NO;
				ENABLE_STRICT_OBJC_MSGSEND = YES;
				ENABLE_USER_SCRIPT_SANDBOXING = YES;
				GCC_C_LANGUAGE_STANDARD = gnu17;
				GCC_NO_COMMON_BLOCKS = YES;
				GCC_WARN_64_TO_32_BIT_CONVERSION = YES;
				GCC_WARN_ABOUT_RETURN_TYPE = YES_ERROR;
				GCC_WARN_UNDECLARED_SELECTOR = YES;
				GCC_WARN_UNINITIALIZED_AUTOS = YES_AGGRESSIVE;
				GCC_WARN_UNUSED_FUNCTION = YES;
				GCC_WARN_UNUSED_VARIABLE = YES;
				IPHONEOS_DEPLOYMENT_TARGET = 17.0;
				LOCALIZATION_PREFERS_STRING_CATALOGS = YES;
				MTL_ENABLE_DEBUG_INFO = NO;
				MTL_FAST_MATH = YES;
				SDKROOT = iphoneos;
				SWIFT_COMPILATION_MODE = wholemodule;
				VALIDATE_PRODUCT = YES;
			};
			name = Release;
		};
		5CC56E502B1F70FC00CA8037 /* Debug */ = {
			isa = XCBuildConfiguration;
			buildSettings = {
				ASSETCATALOG_COMPILER_APPICON_NAME = AppIcon;
				ASSETCATALOG_COMPILER_GLOBAL_ACCENT_COLOR_NAME = AccentColor;
				CODE_SIGN_STYLE = Automatic;
				CURRENT_PROJECT_VERSION = 1;
				DEVELOPMENT_ASSET_PATHS = "\"Bootcamp-SwiftUI/Preview Content\"";
				DEVELOPMENT_TEAM = 66AJVP7K6A;
				ENABLE_PREVIEWS = YES;
				GENERATE_INFOPLIST_FILE = YES;
				INFOPLIST_KEY_CFBundleDisplayName = Bootcamp;
				INFOPLIST_KEY_UIApplicationSceneManifest_Generation = YES;
				INFOPLIST_KEY_UIApplicationSupportsIndirectInputEvents = YES;
				INFOPLIST_KEY_UILaunchScreen_Generation = YES;
				INFOPLIST_KEY_UISupportedInterfaceOrientations_iPad = "UIInterfaceOrientationPortrait UIInterfaceOrientationPortraitUpsideDown UIInterfaceOrientationLandscapeLeft UIInterfaceOrientationLandscapeRight";
				INFOPLIST_KEY_UISupportedInterfaceOrientations_iPhone = "UIInterfaceOrientationPortrait UIInterfaceOrientationLandscapeLeft UIInterfaceOrientationLandscapeRight";
				IPHONEOS_DEPLOYMENT_TARGET = 16.4;
				LD_RUNPATH_SEARCH_PATHS = (
					"$(inherited)",
					"@executable_path/Frameworks",
				);
				MARKETING_VERSION = 1.0;
				PRODUCT_BUNDLE_IDENTIFIER = "com.lorenliang.Bootcamp-SwiftUI";
				PRODUCT_NAME = "$(TARGET_NAME)";
				SWIFT_EMIT_LOC_STRINGS = YES;
				SWIFT_VERSION = 5.0;
				TARGETED_DEVICE_FAMILY = "1,2";
			};
			name = Debug;
		};
		5CC56E512B1F70FC00CA8037 /* Release */ = {
			isa = XCBuildConfiguration;
			buildSettings = {
				ASSETCATALOG_COMPILER_APPICON_NAME = AppIcon;
				ASSETCATALOG_COMPILER_GLOBAL_ACCENT_COLOR_NAME = AccentColor;
				CODE_SIGN_STYLE = Automatic;
				CURRENT_PROJECT_VERSION = 1;
				DEVELOPMENT_ASSET_PATHS = "\"Bootcamp-SwiftUI/Preview Content\"";
				DEVELOPMENT_TEAM = 66AJVP7K6A;
				ENABLE_PREVIEWS = YES;
				GENERATE_INFOPLIST_FILE = YES;
				INFOPLIST_KEY_CFBundleDisplayName = Bootcamp;
				INFOPLIST_KEY_UIApplicationSceneManifest_Generation = YES;
				INFOPLIST_KEY_UIApplicationSupportsIndirectInputEvents = YES;
				INFOPLIST_KEY_UILaunchScreen_Generation = YES;
				INFOPLIST_KEY_UISupportedInterfaceOrientations_iPad = "UIInterfaceOrientationPortrait UIInterfaceOrientationPortraitUpsideDown UIInterfaceOrientationLandscapeLeft UIInterfaceOrientationLandscapeRight";
				INFOPLIST_KEY_UISupportedInterfaceOrientations_iPhone = "UIInterfaceOrientationPortrait UIInterfaceOrientationLandscapeLeft UIInterfaceOrientationLandscapeRight";
				IPHONEOS_DEPLOYMENT_TARGET = 16.4;
				LD_RUNPATH_SEARCH_PATHS = (
					"$(inherited)",
					"@executable_path/Frameworks",
				);
				MARKETING_VERSION = 1.0;
				PRODUCT_BUNDLE_IDENTIFIER = "com.lorenliang.Bootcamp-SwiftUI";
				PRODUCT_NAME = "$(TARGET_NAME)";
				SWIFT_EMIT_LOC_STRINGS = YES;
				SWIFT_VERSION = 5.0;
				TARGETED_DEVICE_FAMILY = "1,2";
			};
			name = Release;
		};
/* End XCBuildConfiguration section */

/* Begin XCConfigurationList section */
		5CC56E3C2B1F70FA00CA8037 /* Build configuration list for PBXProject "Bootcamp-SwiftUI" */ = {
			isa = XCConfigurationList;
			buildConfigurations = (
				5CC56E4D2B1F70FC00CA8037 /* Debug */,
				5CC56E4E2B1F70FC00CA8037 /* Release */,
			);
			defaultConfigurationIsVisible = 0;
			defaultConfigurationName = Release;
		};
		5CC56E4F2B1F70FC00CA8037 /* Build configuration list for PBXNativeTarget "Bootcamp-SwiftUI" */ = {
			isa = XCConfigurationList;
			buildConfigurations = (
				5CC56E502B1F70FC00CA8037 /* Debug */,
				5CC56E512B1F70FC00CA8037 /* Release */,
			);
			defaultConfigurationIsVisible = 0;
			defaultConfigurationName = Release;
		};
/* End XCConfigurationList section */
	};
	rootObject = 5CC56E392B1F70FA00CA8037 /* Project object */;
}
